// !$*UTF8*$!
{
	archiveVersion = 1;
	classes = {
	};
	objectVersion = 46;
	objects = {

/* Begin PBXBuildFile section */
		652E821D1E696C5E006C28E0 /* DTDimensionBar.m in Sources */ = {isa = PBXBuildFile; fileRef = 652E821C1E696C5E006C28E0 /* DTDimensionBar.m */; };
		652E82201E697429006C28E0 /* DTDimensionSectionLine.m in Sources */ = {isa = PBXBuildFile; fileRef = 652E821F1E697429006C28E0 /* DTDimensionSectionLine.m */; };
		6533453F1E30574700F6CE48 /* PiePresentationVC.m in Sources */ = {isa = PBXBuildFile; fileRef = 6533453E1E30574700F6CE48 /* PiePresentationVC.m */; };
		653345421E30D09500F6CE48 /* NSNumber+DTExternal.m in Sources */ = {isa = PBXBuildFile; fileRef = 653345411E30D09500F6CE48 /* NSNumber+DTExternal.m */; };
		653520321E28B6E100BFA2C9 /* DTVerticalBarChartController.m in Sources */ = {isa = PBXBuildFile; fileRef = 653520311E28B6E100BFA2C9 /* DTVerticalBarChartController.m */; };
		653520361E28B6FF00BFA2C9 /* DTChartController.m in Sources */ = {isa = PBXBuildFile; fileRef = 653520351E28B6FF00BFA2C9 /* DTChartController.m */; };
		653520391E28B7F300BFA2C9 /* BarGridCell.m in Sources */ = {isa = PBXBuildFile; fileRef = 653520381E28B7F300BFA2C9 /* BarGridCell.m */; };
		6535203F1E28BEC300BFA2C9 /* TableGridCell.m in Sources */ = {isa = PBXBuildFile; fileRef = 6535203E1E28BEC300BFA2C9 /* TableGridCell.m */; };
		653520421E2A1AC300BFA2C9 /* TableChartPresentationViewController.m in Sources */ = {isa = PBXBuildFile; fileRef = 653520411E2A1AC300BFA2C9 /* TableChartPresentationViewController.m */; };
		654284E11E24B29C00267603 /* DTDataManager.m in Sources */ = {isa = PBXBuildFile; fileRef = 654284E01E24B29C00267603 /* DTDataManager.m */; };
		654284E51E24B71E00267603 /* DTLineChartController.m in Sources */ = {isa = PBXBuildFile; fileRef = 654284E41E24B71E00267603 /* DTLineChartController.m */; };
		654284EB1E24EBBB00267603 /* LineCtrlViewController.m in Sources */ = {isa = PBXBuildFile; fileRef = 654284EA1E24EBBB00267603 /* LineCtrlViewController.m */; };
		654D1E671E0267BB004F2F1F /* UIBezierPath+DTExternal.m in Sources */ = {isa = PBXBuildFile; fileRef = 654D1E661E0267BA004F2F1F /* UIBezierPath+DTExternal.m */; };
		65683FBC1E5ED255003D841B /* DTBar.m in Sources */ = {isa = PBXBuildFile; fileRef = 65683F921E5ED255003D841B /* DTBar.m */; };
		65683FBD1E5ED255003D841B /* DTBarChart.m in Sources */ = {isa = PBXBuildFile; fileRef = 65683F941E5ED255003D841B /* DTBarChart.m */; };
		65683FBE1E5ED255003D841B /* DTHeapBar.m in Sources */ = {isa = PBXBuildFile; fileRef = 65683F961E5ED255003D841B /* DTHeapBar.m */; };
		65683FBF1E5ED255003D841B /* DTHorizontalBarChart.m in Sources */ = {isa = PBXBuildFile; fileRef = 65683F981E5ED255003D841B /* DTHorizontalBarChart.m */; };
		65683FC01E5ED255003D841B /* DTVerticalBarChart.m in Sources */ = {isa = PBXBuildFile; fileRef = 65683F9A1E5ED255003D841B /* DTVerticalBarChart.m */; };
		65683FC11E5ED255003D841B /* DTChartBaseComponent.m in Sources */ = {isa = PBXBuildFile; fileRef = 65683F9D1E5ED255003D841B /* DTChartBaseComponent.m */; };
		65683FC21E5ED255003D841B /* DTChartLabel.m in Sources */ = {isa = PBXBuildFile; fileRef = 65683F9F1E5ED255003D841B /* DTChartLabel.m */; };
		65683FC31E5ED255003D841B /* DTColorManager.m in Sources */ = {isa = PBXBuildFile; fileRef = 65683FA21E5ED255003D841B /* DTColorManager.m */; };
		65683FC41E5ED255003D841B /* DTDistributionBar.m in Sources */ = {isa = PBXBuildFile; fileRef = 65683FA51E5ED255003D841B /* DTDistributionBar.m */; };
		65683FC51E5ED255003D841B /* DTDistributionChart.m in Sources */ = {isa = PBXBuildFile; fileRef = 65683FA71E5ED255003D841B /* DTDistributionChart.m */; };
		65683FC61E5ED255003D841B /* DTFillChart.m in Sources */ = {isa = PBXBuildFile; fileRef = 65683FAA1E5ED255003D841B /* DTFillChart.m */; };
		65683FC71E5ED255003D841B /* DTFillLayer.m in Sources */ = {isa = PBXBuildFile; fileRef = 65683FAC1E5ED255003D841B /* DTFillLayer.m */; };
		65683FC81E5ED255003D841B /* DTLine.m in Sources */ = {isa = PBXBuildFile; fileRef = 65683FAF1E5ED255003D841B /* DTLine.m */; };
		65683FC91E5ED255003D841B /* DTLineChart.m in Sources */ = {isa = PBXBuildFile; fileRef = 65683FB11E5ED255003D841B /* DTLineChart.m */; };
		65683FCA1E5ED255003D841B /* DTPieChart.m in Sources */ = {isa = PBXBuildFile; fileRef = 65683FB41E5ED255003D841B /* DTPieChart.m */; };
		65683FCB1E5ED255003D841B /* DTPiePart.m in Sources */ = {isa = PBXBuildFile; fileRef = 65683FB61E5ED255003D841B /* DTPiePart.m */; };
		65683FCC1E5ED255003D841B /* DTTableChart.m in Sources */ = {isa = PBXBuildFile; fileRef = 65683FB91E5ED255003D841B /* DTTableChart.m */; };
		65683FCD1E5ED255003D841B /* DTTableChartCell.m in Sources */ = {isa = PBXBuildFile; fileRef = 65683FBB1E5ED255003D841B /* DTTableChartCell.m */; };
		65751E0A1E4583A70029C1B3 /* FillPresentationVC.m in Sources */ = {isa = PBXBuildFile; fileRef = 65751E091E4583A70029C1B3 /* FillPresentationVC.m */; };
		65751E111E4584930029C1B3 /* DTFillChartController.m in Sources */ = {isa = PBXBuildFile; fileRef = 65751E101E4584930029C1B3 /* DTFillChartController.m */; };
		657C87D71E287ED700BBD558 /* PresentationViewController.m in Sources */ = {isa = PBXBuildFile; fileRef = 657C87D61E287ED700BBD558 /* PresentationViewController.m */; };
		658F7FBC1E10F81F0024AB62 /* LineViewController.m in Sources */ = {isa = PBXBuildFile; fileRef = 658F7FB71E10F81F0024AB62 /* LineViewController.m */; };
		658F7FBD1E10F81F0024AB62 /* PieViewController.m in Sources */ = {isa = PBXBuildFile; fileRef = 658F7FB91E10F81F0024AB62 /* PieViewController.m */; };
		658F7FBE1E10F81F0024AB62 /* BarViewController.m in Sources */ = {isa = PBXBuildFile; fileRef = 658F7FBB1E10F81F0024AB62 /* BarViewController.m */; };
		65920D121E1CE947006EA012 /* TableChartViewController.m in Sources */ = {isa = PBXBuildFile; fileRef = 65920D111E1CE947006EA012 /* TableChartViewController.m */; };
		65AF01461E665BBC0037863E /* DTDimensionVerticalBarChartController.m in Sources */ = {isa = PBXBuildFile; fileRef = 65AF01451E665BBC0037863E /* DTDimensionVerticalBarChartController.m */; };
		65AF01491E665BEA0037863E /* DTDimensionHorizontalBarChartController.m in Sources */ = {isa = PBXBuildFile; fileRef = 65AF01481E665BEA0037863E /* DTDimensionHorizontalBarChartController.m */; };
		65AF01511E669E6B0037863E /* MultiMeasureDimensionPresentationViewController.m in Sources */ = {isa = PBXBuildFile; fileRef = 65AF01501E669E6B0037863E /* MultiMeasureDimensionPresentationViewController.m */; };
		65AF01541E66B4010037863E /* DTMeasureDimensionHorizontalBarChart.m in Sources */ = {isa = PBXBuildFile; fileRef = 65AF01531E66B4010037863E /* DTMeasureDimensionHorizontalBarChart.m */; };
		65B3F6A21E6D007100A4F8F4 /* DTChartScrollView.m in Sources */ = {isa = PBXBuildFile; fileRef = 65B3F6A11E6D007000A4F8F4 /* DTChartScrollView.m */; };
		65B3F6A51E6D111D00A4F8F4 /* DTTableLabel.m in Sources */ = {isa = PBXBuildFile; fileRef = 65B3F6A41E6D111D00A4F8F4 /* DTTableLabel.m */; };
		65B4CB831E2E003500EFDA28 /* DTChartBlockModel.m in Sources */ = {isa = PBXBuildFile; fileRef = 65B4CB821E2E003500EFDA28 /* DTChartBlockModel.m */; };
		65B7BE481E25D1EA00DC152B /* CollectionViewController.m in Sources */ = {isa = PBXBuildFile; fileRef = 65B7BE471E25D1EA00DC152B /* CollectionViewController.m */; };
		65B7BE4D1E25D96E00DC152B /* GridCell.m in Sources */ = {isa = PBXBuildFile; fileRef = 65B7BE4C1E25D96E00DC152B /* GridCell.m */; };
		65B7BE501E25FB6C00DC152B /* LineGridCell.m in Sources */ = {isa = PBXBuildFile; fileRef = 65B7BE4F1E25FB6C00DC152B /* LineGridCell.m */; };
		65BDBB951E2C59C300EB85F4 /* DTAxisFormatter.m in Sources */ = {isa = PBXBuildFile; fileRef = 65BDBB941E2C59C300EB85F4 /* DTAxisFormatter.m */; };
		65BDBB981E2CD38C00EB85F4 /* DTTableChartController.m in Sources */ = {isa = PBXBuildFile; fileRef = 65BDBB961E2CD38C00EB85F4 /* DTTableChartController.m */; };
		65BDBB9B1E2CDDD000EB85F4 /* VBarPresentationVC.m in Sources */ = {isa = PBXBuildFile; fileRef = 65BDBB9A1E2CDDD000EB85F4 /* VBarPresentationVC.m */; };
		65C027EA1E139E7A001EB1C7 /* DTChart.podspec in Resources */ = {isa = PBXBuildFile; fileRef = 65C027E91E139E7A001EB1C7 /* DTChart.podspec */; };
		65C027F11E15F1B1001EB1C7 /* DistributionViewController.m in Sources */ = {isa = PBXBuildFile; fileRef = 65C027F01E15F1B1001EB1C7 /* DistributionViewController.m */; };
		65C2919C1E67AD8B00867366 /* DTMeasureDimensionHorizontalBarChartController.m in Sources */ = {isa = PBXBuildFile; fileRef = 65C2919B1E67AD8B00867366 /* DTMeasureDimensionHorizontalBarChartController.m */; };
		65C2919F1E67CC5800867366 /* DTChartToastView.m in Sources */ = {isa = PBXBuildFile; fileRef = 65C2919E1E67CC5800867366 /* DTChartToastView.m */; };
		65C53E1A1DF8FA7300732385 /* main.m in Sources */ = {isa = PBXBuildFile; fileRef = 65C53E191DF8FA7300732385 /* main.m */; };
		65C53E1D1DF8FA7300732385 /* AppDelegate.m in Sources */ = {isa = PBXBuildFile; fileRef = 65C53E1C1DF8FA7300732385 /* AppDelegate.m */; };
		65C53E231DF8FA7300732385 /* Main.storyboard in Resources */ = {isa = PBXBuildFile; fileRef = 65C53E211DF8FA7300732385 /* Main.storyboard */; };
		65C53E251DF8FA7300732385 /* Assets.xcassets in Resources */ = {isa = PBXBuildFile; fileRef = 65C53E241DF8FA7300732385 /* Assets.xcassets */; };
		65C53E281DF8FA7300732385 /* LaunchScreen.storyboard in Resources */ = {isa = PBXBuildFile; fileRef = 65C53E261DF8FA7300732385 /* LaunchScreen.storyboard */; };
		65C8E2C31E1F446400F20B87 /* resources.bundle in Resources */ = {isa = PBXBuildFile; fileRef = 65C8E2C21E1F446400F20B87 /* resources.bundle */; };
		65CC6DFB1E0D0AC300E2C36B /* UIColor+DTExternal.m in Sources */ = {isa = PBXBuildFile; fileRef = 65CC6DFA1E0D0AC300E2C36B /* UIColor+DTExternal.m */; };
		65E19ED71E6521D10060059B /* DTDimensionBarModel.m in Sources */ = {isa = PBXBuildFile; fileRef = 65E19EC51E6521D10060059B /* DTDimensionBarModel.m */; };
		65E19ED81E6521D10060059B /* DTDimensionModel.m in Sources */ = {isa = PBXBuildFile; fileRef = 65E19EC71E6521D10060059B /* DTDimensionModel.m */; };
		65E19ED91E6521D10060059B /* DTDimensionReturnModel.m in Sources */ = {isa = PBXBuildFile; fileRef = 65E19EC91E6521D10060059B /* DTDimensionReturnModel.m */; };
		65E19EDA1E6521D10060059B /* DTChartData.m in Sources */ = {isa = PBXBuildFile; fileRef = 65E19ECC1E6521D10060059B /* DTChartData.m */; };
		65E19EDB1E6521D10060059B /* DTCommonData.m in Sources */ = {isa = PBXBuildFile; fileRef = 65E19ECE1E6521D10060059B /* DTCommonData.m */; };
		65E19EDC1E6521D10060059B /* DTLineChartSingleData.m in Sources */ = {isa = PBXBuildFile; fileRef = 65E19ED01E6521D10060059B /* DTLineChartSingleData.m */; };
		65E19EDD1E6521D10060059B /* DTTableAxisLabelData.m in Sources */ = {isa = PBXBuildFile; fileRef = 65E19ED21E6521D10060059B /* DTTableAxisLabelData.m */; };
		65E19EDE1E6521D10060059B /* DTTableChartSingleData.m in Sources */ = {isa = PBXBuildFile; fileRef = 65E19ED41E6521D10060059B /* DTTableChartSingleData.m */; };
		65E19EDF1E6521D10060059B /* DTTableChartTitleOrderModel.m in Sources */ = {isa = PBXBuildFile; fileRef = 65E19ED61E6521D10060059B /* DTTableChartTitleOrderModel.m */; };
		65E19EE21E6545950060059B /* DTDimensionHorizontalBarChart.m in Sources */ = {isa = PBXBuildFile; fileRef = 65E19EE11E6545950060059B /* DTDimensionHorizontalBarChart.m */; };
		65E347071E2F189800BE9A1F /* DTHorizontalBarChartController.m in Sources */ = {isa = PBXBuildFile; fileRef = 65E347061E2F189800BE9A1F /* DTHorizontalBarChartController.m */; };
		65E3470A1E2F496F00BE9A1F /* HBarPresentationVC.m in Sources */ = {isa = PBXBuildFile; fileRef = 65E347091E2F496F00BE9A1F /* HBarPresentationVC.m */; };
		65E3470D1E2F761D00BE9A1F /* DTPieChartController.m in Sources */ = {isa = PBXBuildFile; fileRef = 65E3470C1E2F761D00BE9A1F /* DTPieChartController.m */; };
		65EEFC631E5FE11F00ED5F84 /* DTDimensionVerticalBarChart.m in Sources */ = {isa = PBXBuildFile; fileRef = 65EEFC621E5FE11F00ED5F84 /* DTDimensionVerticalBarChart.m */; };
		65EEFC661E60059700ED5F84 /* DimensionPresentationVC.m in Sources */ = {isa = PBXBuildFile; fileRef = 65EEFC651E60059700ED5F84 /* DimensionPresentationVC.m */; };
		65F598721E31A11500B1DA79 /* DTDistributionChartController.m in Sources */ = {isa = PBXBuildFile; fileRef = 65F598711E31A11500B1DA79 /* DTDistributionChartController.m */; };
		65F598751E31BE5400B1DA79 /* DistributionPresentationVC.m in Sources */ = {isa = PBXBuildFile; fileRef = 65F598741E31BE5400B1DA79 /* DistributionPresentationVC.m */; };
/* End PBXBuildFile section */

/* Begin PBXFileReference section */
		652E821B1E696C5E006C28E0 /* DTDimensionBar.h */ = {isa = PBXFileReference; fileEncoding = 4; lastKnownFileType = sourcecode.c.h; path = DTDimensionBar.h; sourceTree = "<group>"; };
		652E821C1E696C5E006C28E0 /* DTDimensionBar.m */ = {isa = PBXFileReference; fileEncoding = 4; lastKnownFileType = sourcecode.c.objc; path = DTDimensionBar.m; sourceTree = "<group>"; };
		652E821E1E697429006C28E0 /* DTDimensionSectionLine.h */ = {isa = PBXFileReference; fileEncoding = 4; lastKnownFileType = sourcecode.c.h; path = DTDimensionSectionLine.h; sourceTree = "<group>"; };
		652E821F1E697429006C28E0 /* DTDimensionSectionLine.m */ = {isa = PBXFileReference; fileEncoding = 4; lastKnownFileType = sourcecode.c.objc; path = DTDimensionSectionLine.m; sourceTree = "<group>"; };
		6533453D1E30574700F6CE48 /* PiePresentationVC.h */ = {isa = PBXFileReference; fileEncoding = 4; lastKnownFileType = sourcecode.c.h; path = PiePresentationVC.h; sourceTree = "<group>"; };
		6533453E1E30574700F6CE48 /* PiePresentationVC.m */ = {isa = PBXFileReference; fileEncoding = 4; lastKnownFileType = sourcecode.c.objc; path = PiePresentationVC.m; sourceTree = "<group>"; };
		653345401E30D09500F6CE48 /* NSNumber+DTExternal.h */ = {isa = PBXFileReference; fileEncoding = 4; lastKnownFileType = sourcecode.c.h; path = "NSNumber+DTExternal.h"; sourceTree = "<group>"; };
		653345411E30D09500F6CE48 /* NSNumber+DTExternal.m */ = {isa = PBXFileReference; fileEncoding = 4; lastKnownFileType = sourcecode.c.objc; path = "NSNumber+DTExternal.m"; sourceTree = "<group>"; };
		653520301E28B6E100BFA2C9 /* DTVerticalBarChartController.h */ = {isa = PBXFileReference; fileEncoding = 4; lastKnownFileType = sourcecode.c.h; path = DTVerticalBarChartController.h; sourceTree = "<group>"; };
		653520311E28B6E100BFA2C9 /* DTVerticalBarChartController.m */ = {isa = PBXFileReference; fileEncoding = 4; lastKnownFileType = sourcecode.c.objc; path = DTVerticalBarChartController.m; sourceTree = "<group>"; };
		653520341E28B6FF00BFA2C9 /* DTChartController.h */ = {isa = PBXFileReference; fileEncoding = 4; lastKnownFileType = sourcecode.c.h; path = DTChartController.h; sourceTree = "<group>"; };
		653520351E28B6FF00BFA2C9 /* DTChartController.m */ = {isa = PBXFileReference; fileEncoding = 4; lastKnownFileType = sourcecode.c.objc; path = DTChartController.m; sourceTree = "<group>"; };
		653520371E28B7F300BFA2C9 /* BarGridCell.h */ = {isa = PBXFileReference; fileEncoding = 4; lastKnownFileType = sourcecode.c.h; path = BarGridCell.h; sourceTree = "<group>"; };
		653520381E28B7F300BFA2C9 /* BarGridCell.m */ = {isa = PBXFileReference; fileEncoding = 4; lastKnownFileType = sourcecode.c.objc; path = BarGridCell.m; sourceTree = "<group>"; };
		6535203D1E28BEC300BFA2C9 /* TableGridCell.h */ = {isa = PBXFileReference; fileEncoding = 4; lastKnownFileType = sourcecode.c.h; path = TableGridCell.h; sourceTree = "<group>"; };
		6535203E1E28BEC300BFA2C9 /* TableGridCell.m */ = {isa = PBXFileReference; fileEncoding = 4; lastKnownFileType = sourcecode.c.objc; path = TableGridCell.m; sourceTree = "<group>"; };
		653520401E2A1AC200BFA2C9 /* TableChartPresentationViewController.h */ = {isa = PBXFileReference; fileEncoding = 4; lastKnownFileType = sourcecode.c.h; path = TableChartPresentationViewController.h; sourceTree = "<group>"; };
		653520411E2A1AC300BFA2C9 /* TableChartPresentationViewController.m */ = {isa = PBXFileReference; fileEncoding = 4; lastKnownFileType = sourcecode.c.objc; path = TableChartPresentationViewController.m; sourceTree = "<group>"; };
		654284DF1E24B29C00267603 /* DTDataManager.h */ = {isa = PBXFileReference; fileEncoding = 4; lastKnownFileType = sourcecode.c.h; path = DTDataManager.h; sourceTree = "<group>"; };
		654284E01E24B29C00267603 /* DTDataManager.m */ = {isa = PBXFileReference; fileEncoding = 4; lastKnownFileType = sourcecode.c.objc; path = DTDataManager.m; sourceTree = "<group>"; };
		654284E31E24B71E00267603 /* DTLineChartController.h */ = {isa = PBXFileReference; fileEncoding = 4; lastKnownFileType = sourcecode.c.h; path = DTLineChartController.h; sourceTree = "<group>"; };
		654284E41E24B71E00267603 /* DTLineChartController.m */ = {isa = PBXFileReference; fileEncoding = 4; lastKnownFileType = sourcecode.c.objc; path = DTLineChartController.m; sourceTree = "<group>"; };
		654284E91E24EBBB00267603 /* LineCtrlViewController.h */ = {isa = PBXFileReference; fileEncoding = 4; lastKnownFileType = sourcecode.c.h; path = LineCtrlViewController.h; sourceTree = "<group>"; };
		654284EA1E24EBBB00267603 /* LineCtrlViewController.m */ = {isa = PBXFileReference; fileEncoding = 4; lastKnownFileType = sourcecode.c.objc; path = LineCtrlViewController.m; sourceTree = "<group>"; };
		654D1E651E0267BA004F2F1F /* UIBezierPath+DTExternal.h */ = {isa = PBXFileReference; fileEncoding = 4; lastKnownFileType = sourcecode.c.h; path = "UIBezierPath+DTExternal.h"; sourceTree = "<group>"; };
		654D1E661E0267BA004F2F1F /* UIBezierPath+DTExternal.m */ = {isa = PBXFileReference; fileEncoding = 4; lastKnownFileType = sourcecode.c.objc; path = "UIBezierPath+DTExternal.m"; sourceTree = "<group>"; };
		654D1E6C1E02A57F004F2F1F /* DTChart-Prefix.pch */ = {isa = PBXFileReference; fileEncoding = 4; lastKnownFileType = sourcecode.c.h; path = "DTChart-Prefix.pch"; sourceTree = "<group>"; };
		65683F911E5ED255003D841B /* DTBar.h */ = {isa = PBXFileReference; fileEncoding = 4; lastKnownFileType = sourcecode.c.h; path = DTBar.h; sourceTree = "<group>"; };
		65683F921E5ED255003D841B /* DTBar.m */ = {isa = PBXFileReference; fileEncoding = 4; lastKnownFileType = sourcecode.c.objc; path = DTBar.m; sourceTree = "<group>"; };
		65683F931E5ED255003D841B /* DTBarChart.h */ = {isa = PBXFileReference; fileEncoding = 4; lastKnownFileType = sourcecode.c.h; path = DTBarChart.h; sourceTree = "<group>"; };
		65683F941E5ED255003D841B /* DTBarChart.m */ = {isa = PBXFileReference; fileEncoding = 4; lastKnownFileType = sourcecode.c.objc; path = DTBarChart.m; sourceTree = "<group>"; };
		65683F951E5ED255003D841B /* DTHeapBar.h */ = {isa = PBXFileReference; fileEncoding = 4; lastKnownFileType = sourcecode.c.h; path = DTHeapBar.h; sourceTree = "<group>"; };
		65683F961E5ED255003D841B /* DTHeapBar.m */ = {isa = PBXFileReference; fileEncoding = 4; lastKnownFileType = sourcecode.c.objc; path = DTHeapBar.m; sourceTree = "<group>"; };
		65683F971E5ED255003D841B /* DTHorizontalBarChart.h */ = {isa = PBXFileReference; fileEncoding = 4; lastKnownFileType = sourcecode.c.h; path = DTHorizontalBarChart.h; sourceTree = "<group>"; };
		65683F981E5ED255003D841B /* DTHorizontalBarChart.m */ = {isa = PBXFileReference; fileEncoding = 4; lastKnownFileType = sourcecode.c.objc; path = DTHorizontalBarChart.m; sourceTree = "<group>"; };
		65683F991E5ED255003D841B /* DTVerticalBarChart.h */ = {isa = PBXFileReference; fileEncoding = 4; lastKnownFileType = sourcecode.c.h; path = DTVerticalBarChart.h; sourceTree = "<group>"; };
		65683F9A1E5ED255003D841B /* DTVerticalBarChart.m */ = {isa = PBXFileReference; fileEncoding = 4; lastKnownFileType = sourcecode.c.objc; path = DTVerticalBarChart.m; sourceTree = "<group>"; };
		65683F9C1E5ED255003D841B /* DTChartBaseComponent.h */ = {isa = PBXFileReference; fileEncoding = 4; lastKnownFileType = sourcecode.c.h; path = DTChartBaseComponent.h; sourceTree = "<group>"; };
		65683F9D1E5ED255003D841B /* DTChartBaseComponent.m */ = {isa = PBXFileReference; fileEncoding = 4; lastKnownFileType = sourcecode.c.objc; path = DTChartBaseComponent.m; sourceTree = "<group>"; };
		65683F9E1E5ED255003D841B /* DTChartLabel.h */ = {isa = PBXFileReference; fileEncoding = 4; lastKnownFileType = sourcecode.c.h; path = DTChartLabel.h; sourceTree = "<group>"; };
		65683F9F1E5ED255003D841B /* DTChartLabel.m */ = {isa = PBXFileReference; fileEncoding = 4; lastKnownFileType = sourcecode.c.objc; path = DTChartLabel.m; sourceTree = "<group>"; };
		65683FA01E5ED255003D841B /* DTColor.h */ = {isa = PBXFileReference; fileEncoding = 4; lastKnownFileType = sourcecode.c.h; path = DTColor.h; sourceTree = "<group>"; };
		65683FA11E5ED255003D841B /* DTColorManager.h */ = {isa = PBXFileReference; fileEncoding = 4; lastKnownFileType = sourcecode.c.h; path = DTColorManager.h; sourceTree = "<group>"; };
		65683FA21E5ED255003D841B /* DTColorManager.m */ = {isa = PBXFileReference; fileEncoding = 4; lastKnownFileType = sourcecode.c.objc; path = DTColorManager.m; sourceTree = "<group>"; };
		65683FA41E5ED255003D841B /* DTDistributionBar.h */ = {isa = PBXFileReference; fileEncoding = 4; lastKnownFileType = sourcecode.c.h; path = DTDistributionBar.h; sourceTree = "<group>"; };
		65683FA51E5ED255003D841B /* DTDistributionBar.m */ = {isa = PBXFileReference; fileEncoding = 4; lastKnownFileType = sourcecode.c.objc; path = DTDistributionBar.m; sourceTree = "<group>"; };
		65683FA61E5ED255003D841B /* DTDistributionChart.h */ = {isa = PBXFileReference; fileEncoding = 4; lastKnownFileType = sourcecode.c.h; path = DTDistributionChart.h; sourceTree = "<group>"; };
		65683FA71E5ED255003D841B /* DTDistributionChart.m */ = {isa = PBXFileReference; fileEncoding = 4; lastKnownFileType = sourcecode.c.objc; path = DTDistributionChart.m; sourceTree = "<group>"; };
		65683FA91E5ED255003D841B /* DTFillChart.h */ = {isa = PBXFileReference; fileEncoding = 4; lastKnownFileType = sourcecode.c.h; path = DTFillChart.h; sourceTree = "<group>"; };
		65683FAA1E5ED255003D841B /* DTFillChart.m */ = {isa = PBXFileReference; fileEncoding = 4; lastKnownFileType = sourcecode.c.objc; path = DTFillChart.m; sourceTree = "<group>"; };
		65683FAB1E5ED255003D841B /* DTFillLayer.h */ = {isa = PBXFileReference; fileEncoding = 4; lastKnownFileType = sourcecode.c.h; path = DTFillLayer.h; sourceTree = "<group>"; };
		65683FAC1E5ED255003D841B /* DTFillLayer.m */ = {isa = PBXFileReference; fileEncoding = 4; lastKnownFileType = sourcecode.c.objc; path = DTFillLayer.m; sourceTree = "<group>"; };
		65683FAE1E5ED255003D841B /* DTLine.h */ = {isa = PBXFileReference; fileEncoding = 4; lastKnownFileType = sourcecode.c.h; path = DTLine.h; sourceTree = "<group>"; };
		65683FAF1E5ED255003D841B /* DTLine.m */ = {isa = PBXFileReference; fileEncoding = 4; lastKnownFileType = sourcecode.c.objc; path = DTLine.m; sourceTree = "<group>"; };
		65683FB01E5ED255003D841B /* DTLineChart.h */ = {isa = PBXFileReference; fileEncoding = 4; lastKnownFileType = sourcecode.c.h; path = DTLineChart.h; sourceTree = "<group>"; };
		65683FB11E5ED255003D841B /* DTLineChart.m */ = {isa = PBXFileReference; fileEncoding = 4; lastKnownFileType = sourcecode.c.objc; path = DTLineChart.m; sourceTree = "<group>"; };
		65683FB31E5ED255003D841B /* DTPieChart.h */ = {isa = PBXFileReference; fileEncoding = 4; lastKnownFileType = sourcecode.c.h; path = DTPieChart.h; sourceTree = "<group>"; };
		65683FB41E5ED255003D841B /* DTPieChart.m */ = {isa = PBXFileReference; fileEncoding = 4; lastKnownFileType = sourcecode.c.objc; path = DTPieChart.m; sourceTree = "<group>"; };
		65683FB51E5ED255003D841B /* DTPiePart.h */ = {isa = PBXFileReference; fileEncoding = 4; lastKnownFileType = sourcecode.c.h; path = DTPiePart.h; sourceTree = "<group>"; };
		65683FB61E5ED255003D841B /* DTPiePart.m */ = {isa = PBXFileReference; fileEncoding = 4; lastKnownFileType = sourcecode.c.objc; path = DTPiePart.m; sourceTree = "<group>"; };
		65683FB81E5ED255003D841B /* DTTableChart.h */ = {isa = PBXFileReference; fileEncoding = 4; lastKnownFileType = sourcecode.c.h; path = DTTableChart.h; sourceTree = "<group>"; };
		65683FB91E5ED255003D841B /* DTTableChart.m */ = {isa = PBXFileReference; fileEncoding = 4; lastKnownFileType = sourcecode.c.objc; path = DTTableChart.m; sourceTree = "<group>"; };
		65683FBA1E5ED255003D841B /* DTTableChartCell.h */ = {isa = PBXFileReference; fileEncoding = 4; lastKnownFileType = sourcecode.c.h; path = DTTableChartCell.h; sourceTree = "<group>"; };
		65683FBB1E5ED255003D841B /* DTTableChartCell.m */ = {isa = PBXFileReference; fileEncoding = 4; lastKnownFileType = sourcecode.c.objc; path = DTTableChartCell.m; sourceTree = "<group>"; };
		65751E081E4583A70029C1B3 /* FillPresentationVC.h */ = {isa = PBXFileReference; fileEncoding = 4; lastKnownFileType = sourcecode.c.h; path = FillPresentationVC.h; sourceTree = "<group>"; };
		65751E091E4583A70029C1B3 /* FillPresentationVC.m */ = {isa = PBXFileReference; fileEncoding = 4; lastKnownFileType = sourcecode.c.objc; path = FillPresentationVC.m; sourceTree = "<group>"; };
		65751E0F1E4584930029C1B3 /* DTFillChartController.h */ = {isa = PBXFileReference; fileEncoding = 4; lastKnownFileType = sourcecode.c.h; path = DTFillChartController.h; sourceTree = "<group>"; };
		65751E101E4584930029C1B3 /* DTFillChartController.m */ = {isa = PBXFileReference; fileEncoding = 4; lastKnownFileType = sourcecode.c.objc; path = DTFillChartController.m; sourceTree = "<group>"; };
		657C87D51E287ED700BBD558 /* PresentationViewController.h */ = {isa = PBXFileReference; fileEncoding = 4; lastKnownFileType = sourcecode.c.h; path = PresentationViewController.h; sourceTree = "<group>"; };
		657C87D61E287ED700BBD558 /* PresentationViewController.m */ = {isa = PBXFileReference; fileEncoding = 4; lastKnownFileType = sourcecode.c.objc; path = PresentationViewController.m; sourceTree = "<group>"; };
		658F7FB61E10F81F0024AB62 /* LineViewController.h */ = {isa = PBXFileReference; fileEncoding = 4; lastKnownFileType = sourcecode.c.h; path = LineViewController.h; sourceTree = "<group>"; };
		658F7FB71E10F81F0024AB62 /* LineViewController.m */ = {isa = PBXFileReference; fileEncoding = 4; lastKnownFileType = sourcecode.c.objc; path = LineViewController.m; sourceTree = "<group>"; };
		658F7FB81E10F81F0024AB62 /* PieViewController.h */ = {isa = PBXFileReference; fileEncoding = 4; lastKnownFileType = sourcecode.c.h; path = PieViewController.h; sourceTree = "<group>"; };
		658F7FB91E10F81F0024AB62 /* PieViewController.m */ = {isa = PBXFileReference; fileEncoding = 4; lastKnownFileType = sourcecode.c.objc; path = PieViewController.m; sourceTree = "<group>"; };
		658F7FBA1E10F81F0024AB62 /* BarViewController.h */ = {isa = PBXFileReference; fileEncoding = 4; lastKnownFileType = sourcecode.c.h; path = BarViewController.h; sourceTree = "<group>"; };
		658F7FBB1E10F81F0024AB62 /* BarViewController.m */ = {isa = PBXFileReference; fileEncoding = 4; lastKnownFileType = sourcecode.c.objc; path = BarViewController.m; sourceTree = "<group>"; };
		65920D101E1CE947006EA012 /* TableChartViewController.h */ = {isa = PBXFileReference; fileEncoding = 4; lastKnownFileType = sourcecode.c.h; path = TableChartViewController.h; sourceTree = "<group>"; };
		65920D111E1CE947006EA012 /* TableChartViewController.m */ = {isa = PBXFileReference; fileEncoding = 4; lastKnownFileType = sourcecode.c.objc; path = TableChartViewController.m; sourceTree = "<group>"; };
		65AF01441E665BBC0037863E /* DTDimensionVerticalBarChartController.h */ = {isa = PBXFileReference; fileEncoding = 4; lastKnownFileType = sourcecode.c.h; path = DTDimensionVerticalBarChartController.h; sourceTree = "<group>"; };
		65AF01451E665BBC0037863E /* DTDimensionVerticalBarChartController.m */ = {isa = PBXFileReference; fileEncoding = 4; lastKnownFileType = sourcecode.c.objc; path = DTDimensionVerticalBarChartController.m; sourceTree = "<group>"; };
		65AF01471E665BEA0037863E /* DTDimensionHorizontalBarChartController.h */ = {isa = PBXFileReference; fileEncoding = 4; lastKnownFileType = sourcecode.c.h; path = DTDimensionHorizontalBarChartController.h; sourceTree = "<group>"; };
		65AF01481E665BEA0037863E /* DTDimensionHorizontalBarChartController.m */ = {isa = PBXFileReference; fileEncoding = 4; lastKnownFileType = sourcecode.c.objc; path = DTDimensionHorizontalBarChartController.m; sourceTree = "<group>"; };
		65AF014F1E669E6B0037863E /* MultiMeasureDimensionPresentationViewController.h */ = {isa = PBXFileReference; fileEncoding = 4; lastKnownFileType = sourcecode.c.h; path = MultiMeasureDimensionPresentationViewController.h; sourceTree = "<group>"; };
		65AF01501E669E6B0037863E /* MultiMeasureDimensionPresentationViewController.m */ = {isa = PBXFileReference; fileEncoding = 4; lastKnownFileType = sourcecode.c.objc; path = MultiMeasureDimensionPresentationViewController.m; sourceTree = "<group>"; };
		65AF01521E66B4010037863E /* DTMeasureDimensionHorizontalBarChart.h */ = {isa = PBXFileReference; fileEncoding = 4; lastKnownFileType = sourcecode.c.h; path = DTMeasureDimensionHorizontalBarChart.h; sourceTree = "<group>"; };
		65AF01531E66B4010037863E /* DTMeasureDimensionHorizontalBarChart.m */ = {isa = PBXFileReference; fileEncoding = 4; lastKnownFileType = sourcecode.c.objc; path = DTMeasureDimensionHorizontalBarChart.m; sourceTree = "<group>"; };
		65B3F6A01E6D007000A4F8F4 /* DTChartScrollView.h */ = {isa = PBXFileReference; fileEncoding = 4; lastKnownFileType = sourcecode.c.h; path = DTChartScrollView.h; sourceTree = "<group>"; };
		65B3F6A11E6D007000A4F8F4 /* DTChartScrollView.m */ = {isa = PBXFileReference; fileEncoding = 4; lastKnownFileType = sourcecode.c.objc; path = DTChartScrollView.m; sourceTree = "<group>"; };
		65B3F6A31E6D111D00A4F8F4 /* DTTableLabel.h */ = {isa = PBXFileReference; fileEncoding = 4; lastKnownFileType = sourcecode.c.h; path = DTTableLabel.h; sourceTree = "<group>"; };
		65B3F6A41E6D111D00A4F8F4 /* DTTableLabel.m */ = {isa = PBXFileReference; fileEncoding = 4; lastKnownFileType = sourcecode.c.objc; path = DTTableLabel.m; sourceTree = "<group>"; };
		65B4CB811E2E003500EFDA28 /* DTChartBlockModel.h */ = {isa = PBXFileReference; fileEncoding = 4; lastKnownFileType = sourcecode.c.h; path = DTChartBlockModel.h; sourceTree = "<group>"; };
		65B4CB821E2E003500EFDA28 /* DTChartBlockModel.m */ = {isa = PBXFileReference; fileEncoding = 4; lastKnownFileType = sourcecode.c.objc; path = DTChartBlockModel.m; sourceTree = "<group>"; };
		65B7BE461E25D1EA00DC152B /* CollectionViewController.h */ = {isa = PBXFileReference; fileEncoding = 4; lastKnownFileType = sourcecode.c.h; path = CollectionViewController.h; sourceTree = "<group>"; };
		65B7BE471E25D1EA00DC152B /* CollectionViewController.m */ = {isa = PBXFileReference; fileEncoding = 4; lastKnownFileType = sourcecode.c.objc; path = CollectionViewController.m; sourceTree = "<group>"; };
		65B7BE4B1E25D96E00DC152B /* GridCell.h */ = {isa = PBXFileReference; fileEncoding = 4; lastKnownFileType = sourcecode.c.h; path = GridCell.h; sourceTree = "<group>"; };
		65B7BE4C1E25D96E00DC152B /* GridCell.m */ = {isa = PBXFileReference; fileEncoding = 4; lastKnownFileType = sourcecode.c.objc; path = GridCell.m; sourceTree = "<group>"; };
		65B7BE4E1E25FB6C00DC152B /* LineGridCell.h */ = {isa = PBXFileReference; fileEncoding = 4; lastKnownFileType = sourcecode.c.h; path = LineGridCell.h; sourceTree = "<group>"; };
		65B7BE4F1E25FB6C00DC152B /* LineGridCell.m */ = {isa = PBXFileReference; fileEncoding = 4; lastKnownFileType = sourcecode.c.objc; path = LineGridCell.m; sourceTree = "<group>"; };
		65BDBB931E2C59C300EB85F4 /* DTAxisFormatter.h */ = {isa = PBXFileReference; fileEncoding = 4; lastKnownFileType = sourcecode.c.h; path = DTAxisFormatter.h; sourceTree = "<group>"; };
		65BDBB941E2C59C300EB85F4 /* DTAxisFormatter.m */ = {isa = PBXFileReference; fileEncoding = 4; lastKnownFileType = sourcecode.c.objc; path = DTAxisFormatter.m; sourceTree = "<group>"; };
		65BDBB961E2CD38C00EB85F4 /* DTTableChartController.m */ = {isa = PBXFileReference; fileEncoding = 4; lastKnownFileType = sourcecode.c.objc; path = DTTableChartController.m; sourceTree = "<group>"; };
		65BDBB971E2CD38C00EB85F4 /* DTTableChartController.h */ = {isa = PBXFileReference; fileEncoding = 4; lastKnownFileType = sourcecode.c.h; path = DTTableChartController.h; sourceTree = "<group>"; };
		65BDBB991E2CDDD000EB85F4 /* VBarPresentationVC.h */ = {isa = PBXFileReference; fileEncoding = 4; lastKnownFileType = sourcecode.c.h; path = VBarPresentationVC.h; sourceTree = "<group>"; };
		65BDBB9A1E2CDDD000EB85F4 /* VBarPresentationVC.m */ = {isa = PBXFileReference; fileEncoding = 4; lastKnownFileType = sourcecode.c.objc; path = VBarPresentationVC.m; sourceTree = "<group>"; };
		65C027E91E139E7A001EB1C7 /* DTChart.podspec */ = {isa = PBXFileReference; fileEncoding = 4; lastKnownFileType = text; path = DTChart.podspec; sourceTree = "<group>"; };
		65C027EF1E15F1B1001EB1C7 /* DistributionViewController.h */ = {isa = PBXFileReference; fileEncoding = 4; lastKnownFileType = sourcecode.c.h; path = DistributionViewController.h; sourceTree = "<group>"; };
		65C027F01E15F1B1001EB1C7 /* DistributionViewController.m */ = {isa = PBXFileReference; fileEncoding = 4; lastKnownFileType = sourcecode.c.objc; path = DistributionViewController.m; sourceTree = "<group>"; };
		65C2919A1E67AD8B00867366 /* DTMeasureDimensionHorizontalBarChartController.h */ = {isa = PBXFileReference; fileEncoding = 4; lastKnownFileType = sourcecode.c.h; path = DTMeasureDimensionHorizontalBarChartController.h; sourceTree = "<group>"; };
		65C2919B1E67AD8B00867366 /* DTMeasureDimensionHorizontalBarChartController.m */ = {isa = PBXFileReference; fileEncoding = 4; lastKnownFileType = sourcecode.c.objc; path = DTMeasureDimensionHorizontalBarChartController.m; sourceTree = "<group>"; };
		65C2919D1E67CC5800867366 /* DTChartToastView.h */ = {isa = PBXFileReference; fileEncoding = 4; lastKnownFileType = sourcecode.c.h; path = DTChartToastView.h; sourceTree = "<group>"; };
		65C2919E1E67CC5800867366 /* DTChartToastView.m */ = {isa = PBXFileReference; fileEncoding = 4; lastKnownFileType = sourcecode.c.objc; path = DTChartToastView.m; sourceTree = "<group>"; };
		65C53E151DF8FA7300732385 /* DTiseChart.app */ = {isa = PBXFileReference; explicitFileType = wrapper.application; includeInIndex = 0; path = DTiseChart.app; sourceTree = BUILT_PRODUCTS_DIR; };
		65C53E191DF8FA7300732385 /* main.m */ = {isa = PBXFileReference; lastKnownFileType = sourcecode.c.objc; path = main.m; sourceTree = "<group>"; };
		65C53E1B1DF8FA7300732385 /* AppDelegate.h */ = {isa = PBXFileReference; lastKnownFileType = sourcecode.c.h; path = AppDelegate.h; sourceTree = "<group>"; };
		65C53E1C1DF8FA7300732385 /* AppDelegate.m */ = {isa = PBXFileReference; lastKnownFileType = sourcecode.c.objc; path = AppDelegate.m; sourceTree = "<group>"; };
		65C53E221DF8FA7300732385 /* Base */ = {isa = PBXFileReference; lastKnownFileType = file.storyboard; name = Base; path = Base.lproj/Main.storyboard; sourceTree = "<group>"; };
		65C53E241DF8FA7300732385 /* Assets.xcassets */ = {isa = PBXFileReference; lastKnownFileType = folder.assetcatalog; path = Assets.xcassets; sourceTree = "<group>"; };
		65C53E271DF8FA7300732385 /* Base */ = {isa = PBXFileReference; lastKnownFileType = file.storyboard; name = Base; path = Base.lproj/LaunchScreen.storyboard; sourceTree = "<group>"; };
		65C53E291DF8FA7300732385 /* Info.plist */ = {isa = PBXFileReference; lastKnownFileType = text.plist.xml; path = Info.plist; sourceTree = "<group>"; };
		65C8E2C21E1F446400F20B87 /* resources.bundle */ = {isa = PBXFileReference; lastKnownFileType = "wrapper.plug-in"; path = resources.bundle; sourceTree = "<group>"; };
		65CC6DF91E0D0AC300E2C36B /* UIColor+DTExternal.h */ = {isa = PBXFileReference; fileEncoding = 4; lastKnownFileType = sourcecode.c.h; path = "UIColor+DTExternal.h"; sourceTree = "<group>"; };
		65CC6DFA1E0D0AC300E2C36B /* UIColor+DTExternal.m */ = {isa = PBXFileReference; fileEncoding = 4; lastKnownFileType = sourcecode.c.objc; path = "UIColor+DTExternal.m"; sourceTree = "<group>"; };
		65E19EC41E6521D10060059B /* DTDimensionBarModel.h */ = {isa = PBXFileReference; fileEncoding = 4; lastKnownFileType = sourcecode.c.h; path = DTDimensionBarModel.h; sourceTree = "<group>"; };
		65E19EC51E6521D10060059B /* DTDimensionBarModel.m */ = {isa = PBXFileReference; fileEncoding = 4; lastKnownFileType = sourcecode.c.objc; path = DTDimensionBarModel.m; sourceTree = "<group>"; };
		65E19EC61E6521D10060059B /* DTDimensionModel.h */ = {isa = PBXFileReference; fileEncoding = 4; lastKnownFileType = sourcecode.c.h; path = DTDimensionModel.h; sourceTree = "<group>"; };
		65E19EC71E6521D10060059B /* DTDimensionModel.m */ = {isa = PBXFileReference; fileEncoding = 4; lastKnownFileType = sourcecode.c.objc; path = DTDimensionModel.m; sourceTree = "<group>"; };
		65E19EC81E6521D10060059B /* DTDimensionReturnModel.h */ = {isa = PBXFileReference; fileEncoding = 4; lastKnownFileType = sourcecode.c.h; path = DTDimensionReturnModel.h; sourceTree = "<group>"; };
		65E19EC91E6521D10060059B /* DTDimensionReturnModel.m */ = {isa = PBXFileReference; fileEncoding = 4; lastKnownFileType = sourcecode.c.objc; path = DTDimensionReturnModel.m; sourceTree = "<group>"; };
		65E19ECB1E6521D10060059B /* DTChartData.h */ = {isa = PBXFileReference; fileEncoding = 4; lastKnownFileType = sourcecode.c.h; path = DTChartData.h; sourceTree = "<group>"; };
		65E19ECC1E6521D10060059B /* DTChartData.m */ = {isa = PBXFileReference; fileEncoding = 4; lastKnownFileType = sourcecode.c.objc; path = DTChartData.m; sourceTree = "<group>"; };
		65E19ECD1E6521D10060059B /* DTCommonData.h */ = {isa = PBXFileReference; fileEncoding = 4; lastKnownFileType = sourcecode.c.h; path = DTCommonData.h; sourceTree = "<group>"; };
		65E19ECE1E6521D10060059B /* DTCommonData.m */ = {isa = PBXFileReference; fileEncoding = 4; lastKnownFileType = sourcecode.c.objc; path = DTCommonData.m; sourceTree = "<group>"; };
		65E19ECF1E6521D10060059B /* DTLineChartSingleData.h */ = {isa = PBXFileReference; fileEncoding = 4; lastKnownFileType = sourcecode.c.h; path = DTLineChartSingleData.h; sourceTree = "<group>"; };
		65E19ED01E6521D10060059B /* DTLineChartSingleData.m */ = {isa = PBXFileReference; fileEncoding = 4; lastKnownFileType = sourcecode.c.objc; path = DTLineChartSingleData.m; sourceTree = "<group>"; };
		65E19ED11E6521D10060059B /* DTTableAxisLabelData.h */ = {isa = PBXFileReference; fileEncoding = 4; lastKnownFileType = sourcecode.c.h; path = DTTableAxisLabelData.h; sourceTree = "<group>"; };
		65E19ED21E6521D10060059B /* DTTableAxisLabelData.m */ = {isa = PBXFileReference; fileEncoding = 4; lastKnownFileType = sourcecode.c.objc; path = DTTableAxisLabelData.m; sourceTree = "<group>"; };
		65E19ED31E6521D10060059B /* DTTableChartSingleData.h */ = {isa = PBXFileReference; fileEncoding = 4; lastKnownFileType = sourcecode.c.h; path = DTTableChartSingleData.h; sourceTree = "<group>"; };
		65E19ED41E6521D10060059B /* DTTableChartSingleData.m */ = {isa = PBXFileReference; fileEncoding = 4; lastKnownFileType = sourcecode.c.objc; path = DTTableChartSingleData.m; sourceTree = "<group>"; };
		65E19ED51E6521D10060059B /* DTTableChartTitleOrderModel.h */ = {isa = PBXFileReference; fileEncoding = 4; lastKnownFileType = sourcecode.c.h; path = DTTableChartTitleOrderModel.h; sourceTree = "<group>"; };
		65E19ED61E6521D10060059B /* DTTableChartTitleOrderModel.m */ = {isa = PBXFileReference; fileEncoding = 4; lastKnownFileType = sourcecode.c.objc; path = DTTableChartTitleOrderModel.m; sourceTree = "<group>"; };
		65E19EE01E6545950060059B /* DTDimensionHorizontalBarChart.h */ = {isa = PBXFileReference; fileEncoding = 4; lastKnownFileType = sourcecode.c.h; path = DTDimensionHorizontalBarChart.h; sourceTree = "<group>"; };
		65E19EE11E6545950060059B /* DTDimensionHorizontalBarChart.m */ = {isa = PBXFileReference; fileEncoding = 4; lastKnownFileType = sourcecode.c.objc; path = DTDimensionHorizontalBarChart.m; sourceTree = "<group>"; };
		65E347051E2F189800BE9A1F /* DTHorizontalBarChartController.h */ = {isa = PBXFileReference; fileEncoding = 4; lastKnownFileType = sourcecode.c.h; path = DTHorizontalBarChartController.h; sourceTree = "<group>"; };
		65E347061E2F189800BE9A1F /* DTHorizontalBarChartController.m */ = {isa = PBXFileReference; fileEncoding = 4; lastKnownFileType = sourcecode.c.objc; path = DTHorizontalBarChartController.m; sourceTree = "<group>"; };
		65E347081E2F496F00BE9A1F /* HBarPresentationVC.h */ = {isa = PBXFileReference; fileEncoding = 4; lastKnownFileType = sourcecode.c.h; path = HBarPresentationVC.h; sourceTree = "<group>"; };
		65E347091E2F496F00BE9A1F /* HBarPresentationVC.m */ = {isa = PBXFileReference; fileEncoding = 4; lastKnownFileType = sourcecode.c.objc; path = HBarPresentationVC.m; sourceTree = "<group>"; };
		65E3470B1E2F761D00BE9A1F /* DTPieChartController.h */ = {isa = PBXFileReference; fileEncoding = 4; lastKnownFileType = sourcecode.c.h; path = DTPieChartController.h; sourceTree = "<group>"; };
		65E3470C1E2F761D00BE9A1F /* DTPieChartController.m */ = {isa = PBXFileReference; fileEncoding = 4; lastKnownFileType = sourcecode.c.objc; path = DTPieChartController.m; sourceTree = "<group>"; };
		65EEFC611E5FE11F00ED5F84 /* DTDimensionVerticalBarChart.h */ = {isa = PBXFileReference; fileEncoding = 4; lastKnownFileType = sourcecode.c.h; path = DTDimensionVerticalBarChart.h; sourceTree = "<group>"; };
		65EEFC621E5FE11F00ED5F84 /* DTDimensionVerticalBarChart.m */ = {isa = PBXFileReference; fileEncoding = 4; lastKnownFileType = sourcecode.c.objc; path = DTDimensionVerticalBarChart.m; sourceTree = "<group>"; };
		65EEFC641E60059700ED5F84 /* DimensionPresentationVC.h */ = {isa = PBXFileReference; fileEncoding = 4; lastKnownFileType = sourcecode.c.h; path = DimensionPresentationVC.h; sourceTree = "<group>"; };
		65EEFC651E60059700ED5F84 /* DimensionPresentationVC.m */ = {isa = PBXFileReference; fileEncoding = 4; lastKnownFileType = sourcecode.c.objc; path = DimensionPresentationVC.m; sourceTree = "<group>"; };
		65F598701E31A11500B1DA79 /* DTDistributionChartController.h */ = {isa = PBXFileReference; fileEncoding = 4; lastKnownFileType = sourcecode.c.h; path = DTDistributionChartController.h; sourceTree = "<group>"; };
		65F598711E31A11500B1DA79 /* DTDistributionChartController.m */ = {isa = PBXFileReference; fileEncoding = 4; lastKnownFileType = sourcecode.c.objc; path = DTDistributionChartController.m; sourceTree = "<group>"; };
		65F598731E31BE5400B1DA79 /* DistributionPresentationVC.h */ = {isa = PBXFileReference; fileEncoding = 4; lastKnownFileType = sourcecode.c.h; path = DistributionPresentationVC.h; sourceTree = "<group>"; };
		65F598741E31BE5400B1DA79 /* DistributionPresentationVC.m */ = {isa = PBXFileReference; fileEncoding = 4; lastKnownFileType = sourcecode.c.objc; path = DistributionPresentationVC.m; sourceTree = "<group>"; };
/* End PBXFileReference section */

/* Begin PBXFrameworksBuildPhase section */
		65C53E121DF8FA7300732385 /* Frameworks */ = {
			isa = PBXFrameworksBuildPhase;
			buildActionMask = 2147483647;
			files = (
			);
			runOnlyForDeploymentPostprocessing = 0;
		};
/* End PBXFrameworksBuildPhase section */

/* Begin PBXGroup section */
		653520331E28B6FF00BFA2C9 /* Base */ = {
			isa = PBXGroup;
			children = (
				653520341E28B6FF00BFA2C9 /* DTChartController.h */,
				653520351E28B6FF00BFA2C9 /* DTChartController.m */,
				65BDBB931E2C59C300EB85F4 /* DTAxisFormatter.h */,
				65BDBB941E2C59C300EB85F4 /* DTAxisFormatter.m */,
				65B4CB811E2E003500EFDA28 /* DTChartBlockModel.h */,
				65B4CB821E2E003500EFDA28 /* DTChartBlockModel.m */,
			);
			path = Base;
			sourceTree = "<group>";
		};
		654284DE1E24B28900267603 /* Util */ = {
			isa = PBXGroup;
			children = (
				654284DF1E24B29C00267603 /* DTDataManager.h */,
				654284E01E24B29C00267603 /* DTDataManager.m */,
			);
			path = Util;
			sourceTree = "<group>";
		};
		654284E21E24B4DC00267603 /* ChartController */ = {
			isa = PBXGroup;
			children = (
				653520331E28B6FF00BFA2C9 /* Base */,
				65AF01431E665BBC0037863E /* Dimension */,
				654284E31E24B71E00267603 /* DTLineChartController.h */,
				654284E41E24B71E00267603 /* DTLineChartController.m */,
				653520301E28B6E100BFA2C9 /* DTVerticalBarChartController.h */,
				653520311E28B6E100BFA2C9 /* DTVerticalBarChartController.m */,
				65E347051E2F189800BE9A1F /* DTHorizontalBarChartController.h */,
				65E347061E2F189800BE9A1F /* DTHorizontalBarChartController.m */,
				65BDBB971E2CD38C00EB85F4 /* DTTableChartController.h */,
				65BDBB961E2CD38C00EB85F4 /* DTTableChartController.m */,
				65E3470B1E2F761D00BE9A1F /* DTPieChartController.h */,
				65E3470C1E2F761D00BE9A1F /* DTPieChartController.m */,
				65F598701E31A11500B1DA79 /* DTDistributionChartController.h */,
				65F598711E31A11500B1DA79 /* DTDistributionChartController.m */,
				65751E0F1E4584930029C1B3 /* DTFillChartController.h */,
				65751E101E4584930029C1B3 /* DTFillChartController.m */,
			);
			path = ChartController;
			sourceTree = "<group>";
		};
		654D1E641E0267A7004F2F1F /* Category */ = {
			isa = PBXGroup;
			children = (
				654D1E651E0267BA004F2F1F /* UIBezierPath+DTExternal.h */,
				654D1E661E0267BA004F2F1F /* UIBezierPath+DTExternal.m */,
				65CC6DF91E0D0AC300E2C36B /* UIColor+DTExternal.h */,
				65CC6DFA1E0D0AC300E2C36B /* UIColor+DTExternal.m */,
				653345401E30D09500F6CE48 /* NSNumber+DTExternal.h */,
				653345411E30D09500F6CE48 /* NSNumber+DTExternal.m */,
			);
			path = Category;
			sourceTree = "<group>";
		};
		65683F8F1E5ED255003D841B /* Chart */ = {
			isa = PBXGroup;
			children = (
				65683F9B1E5ED255003D841B /* Base */,
				65683F901E5ED255003D841B /* Bar */,
				65683FA31E5ED255003D841B /* Distribution */,
				65683FA81E5ED255003D841B /* Fill */,
				65683FAD1E5ED255003D841B /* Line */,
				65683FB21E5ED255003D841B /* Pie */,
				65683FB71E5ED255003D841B /* Table */,
				65EEFC601E5FE0F800ED5F84 /* DimensionBar */,
			);
			path = Chart;
			sourceTree = "<group>";
		};
		65683F901E5ED255003D841B /* Bar */ = {
			isa = PBXGroup;
			children = (
				65683F911E5ED255003D841B /* DTBar.h */,
				65683F921E5ED255003D841B /* DTBar.m */,
				65683F931E5ED255003D841B /* DTBarChart.h */,
				65683F941E5ED255003D841B /* DTBarChart.m */,
				65683F951E5ED255003D841B /* DTHeapBar.h */,
				65683F961E5ED255003D841B /* DTHeapBar.m */,
				65683F971E5ED255003D841B /* DTHorizontalBarChart.h */,
				65683F981E5ED255003D841B /* DTHorizontalBarChart.m */,
				65683F991E5ED255003D841B /* DTVerticalBarChart.h */,
				65683F9A1E5ED255003D841B /* DTVerticalBarChart.m */,
			);
			path = Bar;
			sourceTree = "<group>";
		};
		65683F9B1E5ED255003D841B /* Base */ = {
			isa = PBXGroup;
			children = (
				65683F9C1E5ED255003D841B /* DTChartBaseComponent.h */,
				65683F9D1E5ED255003D841B /* DTChartBaseComponent.m */,
				65683F9E1E5ED255003D841B /* DTChartLabel.h */,
				65683F9F1E5ED255003D841B /* DTChartLabel.m */,
				65683FA01E5ED255003D841B /* DTColor.h */,
				65683FA11E5ED255003D841B /* DTColorManager.h */,
				65683FA21E5ED255003D841B /* DTColorManager.m */,
				65C2919D1E67CC5800867366 /* DTChartToastView.h */,
				65C2919E1E67CC5800867366 /* DTChartToastView.m */,
			);
			path = Base;
			sourceTree = "<group>";
		};
		65683FA31E5ED255003D841B /* Distribution */ = {
			isa = PBXGroup;
			children = (
				65683FA41E5ED255003D841B /* DTDistributionBar.h */,
				65683FA51E5ED255003D841B /* DTDistributionBar.m */,
				65683FA61E5ED255003D841B /* DTDistributionChart.h */,
				65683FA71E5ED255003D841B /* DTDistributionChart.m */,
			);
			path = Distribution;
			sourceTree = "<group>";
		};
		65683FA81E5ED255003D841B /* Fill */ = {
			isa = PBXGroup;
			children = (
				65683FA91E5ED255003D841B /* DTFillChart.h */,
				65683FAA1E5ED255003D841B /* DTFillChart.m */,
				65683FAB1E5ED255003D841B /* DTFillLayer.h */,
				65683FAC1E5ED255003D841B /* DTFillLayer.m */,
			);
			path = Fill;
			sourceTree = "<group>";
		};
		65683FAD1E5ED255003D841B /* Line */ = {
			isa = PBXGroup;
			children = (
				65683FAE1E5ED255003D841B /* DTLine.h */,
				65683FAF1E5ED255003D841B /* DTLine.m */,
				65683FB01E5ED255003D841B /* DTLineChart.h */,
				65683FB11E5ED255003D841B /* DTLineChart.m */,
			);
			path = Line;
			sourceTree = "<group>";
		};
		65683FB21E5ED255003D841B /* Pie */ = {
			isa = PBXGroup;
			children = (
				65683FB31E5ED255003D841B /* DTPieChart.h */,
				65683FB41E5ED255003D841B /* DTPieChart.m */,
				65683FB51E5ED255003D841B /* DTPiePart.h */,
				65683FB61E5ED255003D841B /* DTPiePart.m */,
			);
			path = Pie;
			sourceTree = "<group>";
		};
		65683FB71E5ED255003D841B /* Table */ = {
			isa = PBXGroup;
			children = (
				65683FB81E5ED255003D841B /* DTTableChart.h */,
				65683FB91E5ED255003D841B /* DTTableChart.m */,
				65683FBA1E5ED255003D841B /* DTTableChartCell.h */,
				65683FBB1E5ED255003D841B /* DTTableChartCell.m */,
				65B3F6A31E6D111D00A4F8F4 /* DTTableLabel.h */,
				65B3F6A41E6D111D00A4F8F4 /* DTTableLabel.m */,
			);
			path = Table;
			sourceTree = "<group>";
		};
		658F7FB51E10F81F0024AB62 /* ViewControllers */ = {
			isa = PBXGroup;
			children = (
				658F7FBA1E10F81F0024AB62 /* BarViewController.h */,
				658F7FBB1E10F81F0024AB62 /* BarViewController.m */,
				658F7FB61E10F81F0024AB62 /* LineViewController.h */,
				658F7FB71E10F81F0024AB62 /* LineViewController.m */,
				658F7FB81E10F81F0024AB62 /* PieViewController.h */,
				658F7FB91E10F81F0024AB62 /* PieViewController.m */,
				65C027EF1E15F1B1001EB1C7 /* DistributionViewController.h */,
				65C027F01E15F1B1001EB1C7 /* DistributionViewController.m */,
				65920D101E1CE947006EA012 /* TableChartViewController.h */,
				65920D111E1CE947006EA012 /* TableChartViewController.m */,
				654284E91E24EBBB00267603 /* LineCtrlViewController.h */,
				654284EA1E24EBBB00267603 /* LineCtrlViewController.m */,
				65B7BE461E25D1EA00DC152B /* CollectionViewController.h */,
				65B7BE471E25D1EA00DC152B /* CollectionViewController.m */,
				657C87D51E287ED700BBD558 /* PresentationViewController.h */,
				657C87D61E287ED700BBD558 /* PresentationViewController.m */,
				653520401E2A1AC200BFA2C9 /* TableChartPresentationViewController.h */,
				653520411E2A1AC300BFA2C9 /* TableChartPresentationViewController.m */,
				65BDBB991E2CDDD000EB85F4 /* VBarPresentationVC.h */,
				65BDBB9A1E2CDDD000EB85F4 /* VBarPresentationVC.m */,
				65E347081E2F496F00BE9A1F /* HBarPresentationVC.h */,
				65E347091E2F496F00BE9A1F /* HBarPresentationVC.m */,
				6533453D1E30574700F6CE48 /* PiePresentationVC.h */,
				6533453E1E30574700F6CE48 /* PiePresentationVC.m */,
				65F598731E31BE5400B1DA79 /* DistributionPresentationVC.h */,
				65F598741E31BE5400B1DA79 /* DistributionPresentationVC.m */,
				65751E081E4583A70029C1B3 /* FillPresentationVC.h */,
				65751E091E4583A70029C1B3 /* FillPresentationVC.m */,
				65EEFC641E60059700ED5F84 /* DimensionPresentationVC.h */,
				65EEFC651E60059700ED5F84 /* DimensionPresentationVC.m */,
				65AF014F1E669E6B0037863E /* MultiMeasureDimensionPresentationViewController.h */,
				65AF01501E669E6B0037863E /* MultiMeasureDimensionPresentationViewController.m */,
			);
			path = ViewControllers;
			sourceTree = "<group>";
		};
		65AF01431E665BBC0037863E /* Dimension */ = {
			isa = PBXGroup;
			children = (
				65AF01441E665BBC0037863E /* DTDimensionVerticalBarChartController.h */,
				65AF01451E665BBC0037863E /* DTDimensionVerticalBarChartController.m */,
				65AF01471E665BEA0037863E /* DTDimensionHorizontalBarChartController.h */,
				65AF01481E665BEA0037863E /* DTDimensionHorizontalBarChartController.m */,
				65C2919A1E67AD8B00867366 /* DTMeasureDimensionHorizontalBarChartController.h */,
				65C2919B1E67AD8B00867366 /* DTMeasureDimensionHorizontalBarChartController.m */,
			);
			path = Dimension;
			sourceTree = "<group>";
		};
		65B7BE491E25D94100DC152B /* Views */ = {
			isa = PBXGroup;
			children = (
				65B7BE4A1E25D94F00DC152B /* Cells */,
			);
			path = Views;
			sourceTree = "<group>";
		};
		65B7BE4A1E25D94F00DC152B /* Cells */ = {
			isa = PBXGroup;
			children = (
				65B7BE4B1E25D96E00DC152B /* GridCell.h */,
				65B7BE4C1E25D96E00DC152B /* GridCell.m */,
				65B7BE4E1E25FB6C00DC152B /* LineGridCell.h */,
				65B7BE4F1E25FB6C00DC152B /* LineGridCell.m */,
				653520371E28B7F300BFA2C9 /* BarGridCell.h */,
				653520381E28B7F300BFA2C9 /* BarGridCell.m */,
				6535203D1E28BEC300BFA2C9 /* TableGridCell.h */,
				6535203E1E28BEC300BFA2C9 /* TableGridCell.m */,
			);
			path = Cells;
			sourceTree = "<group>";
		};
		65C53E0C1DF8FA7300732385 = {
			isa = PBXGroup;
			children = (
				65C027E91E139E7A001EB1C7 /* DTChart.podspec */,
				65CD0F1F1DFEA42A007AFD8D /* DTChart */,
				65C53E171DF8FA7300732385 /* DTiseChart */,
				65C53E161DF8FA7300732385 /* Products */,
			);
			sourceTree = "<group>";
		};
		65C53E161DF8FA7300732385 /* Products */ = {
			isa = PBXGroup;
			children = (
				65C53E151DF8FA7300732385 /* DTiseChart.app */,
			);
			name = Products;
			sourceTree = "<group>";
		};
		65C53E171DF8FA7300732385 /* DTiseChart */ = {
			isa = PBXGroup;
			children = (
				658F7FB51E10F81F0024AB62 /* ViewControllers */,
				65B7BE491E25D94100DC152B /* Views */,
				65C53E1B1DF8FA7300732385 /* AppDelegate.h */,
				65C53E1C1DF8FA7300732385 /* AppDelegate.m */,
				65C53E211DF8FA7300732385 /* Main.storyboard */,
				65C53E241DF8FA7300732385 /* Assets.xcassets */,
				65C53E261DF8FA7300732385 /* LaunchScreen.storyboard */,
				65C53E291DF8FA7300732385 /* Info.plist */,
				65C53E181DF8FA7300732385 /* Supporting Files */,
			);
			path = DTiseChart;
			sourceTree = "<group>";
		};
		65C53E181DF8FA7300732385 /* Supporting Files */ = {
			isa = PBXGroup;
			children = (
				65C53E191DF8FA7300732385 /* main.m */,
			);
			name = "Supporting Files";
			sourceTree = "<group>";
		};
		65CD0F1F1DFEA42A007AFD8D /* DTChart */ = {
			isa = PBXGroup;
			children = (
				65C8E2C21E1F446400F20B87 /* resources.bundle */,
				654D1E6C1E02A57F004F2F1F /* DTChart-Prefix.pch */,
				654284E21E24B4DC00267603 /* ChartController */,
				65683F8F1E5ED255003D841B /* Chart */,
				654D1E641E0267A7004F2F1F /* Category */,
				65CD0F311DFEA42A007AFD8D /* Model */,
				654284DE1E24B28900267603 /* Util */,
			);
			path = DTChart;
			sourceTree = "<group>";
		};
		65CD0F311DFEA42A007AFD8D /* Model */ = {
			isa = PBXGroup;
			children = (
				65E19ECA1E6521D10060059B /* Normal */,
				65E19EC31E6521D10060059B /* Dimension */,
			);
			path = Model;
			sourceTree = "<group>";
		};
		65E19EC31E6521D10060059B /* Dimension */ = {
			isa = PBXGroup;
			children = (
				65E19EC41E6521D10060059B /* DTDimensionBarModel.h */,
				65E19EC51E6521D10060059B /* DTDimensionBarModel.m */,
				65E19EC61E6521D10060059B /* DTDimensionModel.h */,
				65E19EC71E6521D10060059B /* DTDimensionModel.m */,
				65E19EC81E6521D10060059B /* DTDimensionReturnModel.h */,
				65E19EC91E6521D10060059B /* DTDimensionReturnModel.m */,
			);
			path = Dimension;
			sourceTree = "<group>";
		};
		65E19ECA1E6521D10060059B /* Normal */ = {
			isa = PBXGroup;
			children = (
				65E19ECB1E6521D10060059B /* DTChartData.h */,
				65E19ECC1E6521D10060059B /* DTChartData.m */,
				65E19ECD1E6521D10060059B /* DTCommonData.h */,
				65E19ECE1E6521D10060059B /* DTCommonData.m */,
				65E19ECF1E6521D10060059B /* DTLineChartSingleData.h */,
				65E19ED01E6521D10060059B /* DTLineChartSingleData.m */,
				65E19ED11E6521D10060059B /* DTTableAxisLabelData.h */,
				65E19ED21E6521D10060059B /* DTTableAxisLabelData.m */,
				65E19ED31E6521D10060059B /* DTTableChartSingleData.h */,
				65E19ED41E6521D10060059B /* DTTableChartSingleData.m */,
				65E19ED51E6521D10060059B /* DTTableChartTitleOrderModel.h */,
				65E19ED61E6521D10060059B /* DTTableChartTitleOrderModel.m */,
			);
			path = Normal;
			sourceTree = "<group>";
		};
		65EEFC601E5FE0F800ED5F84 /* DimensionBar */ = {
			isa = PBXGroup;
			children = (
				65EEFC611E5FE11F00ED5F84 /* DTDimensionVerticalBarChart.h */,
				65EEFC621E5FE11F00ED5F84 /* DTDimensionVerticalBarChart.m */,
				65E19EE01E6545950060059B /* DTDimensionHorizontalBarChart.h */,
				65E19EE11E6545950060059B /* DTDimensionHorizontalBarChart.m */,
				65AF01521E66B4010037863E /* DTMeasureDimensionHorizontalBarChart.h */,
				65AF01531E66B4010037863E /* DTMeasureDimensionHorizontalBarChart.m */,
				652E821B1E696C5E006C28E0 /* DTDimensionBar.h */,
				652E821C1E696C5E006C28E0 /* DTDimensionBar.m */,
				652E821E1E697429006C28E0 /* DTDimensionSectionLine.h */,
				652E821F1E697429006C28E0 /* DTDimensionSectionLine.m */,
				65B3F6A01E6D007000A4F8F4 /* DTChartScrollView.h */,
				65B3F6A11E6D007000A4F8F4 /* DTChartScrollView.m */,
			);
			path = DimensionBar;
			sourceTree = "<group>";
		};
/* End PBXGroup section */

/* Begin PBXNativeTarget section */
		65C53E141DF8FA7300732385 /* DTiseChart */ = {
			isa = PBXNativeTarget;
			buildConfigurationList = 65C53E2C1DF8FA7300732385 /* Build configuration list for PBXNativeTarget "DTiseChart" */;
			buildPhases = (
				65C53E111DF8FA7300732385 /* Sources */,
				65C53E121DF8FA7300732385 /* Frameworks */,
				65C53E131DF8FA7300732385 /* Resources */,
			);
			buildRules = (
			);
			dependencies = (
			);
			name = DTiseChart;
			productName = DTiseChart;
			productReference = 65C53E151DF8FA7300732385 /* DTiseChart.app */;
			productType = "com.apple.product-type.application";
		};
/* End PBXNativeTarget section */

/* Begin PBXProject section */
		65C53E0D1DF8FA7300732385 /* Project object */ = {
			isa = PBXProject;
			attributes = {
				LastUpgradeCheck = 0820;
				ORGANIZATIONNAME = studio.joshin;
				TargetAttributes = {
					65C53E141DF8FA7300732385 = {
						CreatedOnToolsVersion = 8.1;
						DevelopmentTeam = 63E5UW9WDT;
						ProvisioningStyle = Automatic;
					};
				};
			};
			buildConfigurationList = 65C53E101DF8FA7300732385 /* Build configuration list for PBXProject "DTiseChart" */;
			compatibilityVersion = "Xcode 3.2";
			developmentRegion = English;
			hasScannedForEncodings = 0;
			knownRegions = (
				en,
				Base,
			);
			mainGroup = 65C53E0C1DF8FA7300732385;
			productRefGroup = 65C53E161DF8FA7300732385 /* Products */;
			projectDirPath = "";
			projectRoot = "";
			targets = (
				65C53E141DF8FA7300732385 /* DTiseChart */,
			);
		};
/* End PBXProject section */

/* Begin PBXResourcesBuildPhase section */
		65C53E131DF8FA7300732385 /* Resources */ = {
			isa = PBXResourcesBuildPhase;
			buildActionMask = 2147483647;
			files = (
				65C53E281DF8FA7300732385 /* LaunchScreen.storyboard in Resources */,
				65C8E2C31E1F446400F20B87 /* resources.bundle in Resources */,
				65C027EA1E139E7A001EB1C7 /* DTChart.podspec in Resources */,
				65C53E251DF8FA7300732385 /* Assets.xcassets in Resources */,
				65C53E231DF8FA7300732385 /* Main.storyboard in Resources */,
			);
			runOnlyForDeploymentPostprocessing = 0;
		};
/* End PBXResourcesBuildPhase section */

/* Begin PBXSourcesBuildPhase section */
		65C53E111DF8FA7300732385 /* Sources */ = {
			isa = PBXSourcesBuildPhase;
			buildActionMask = 2147483647;
			files = (
				653520421E2A1AC300BFA2C9 /* TableChartPresentationViewController.m in Sources */,
				65C2919F1E67CC5800867366 /* DTChartToastView.m in Sources */,
				65E3470A1E2F496F00BE9A1F /* HBarPresentationVC.m in Sources */,
				65E19EDD1E6521D10060059B /* DTTableAxisLabelData.m in Sources */,
				6535203F1E28BEC300BFA2C9 /* TableGridCell.m in Sources */,
				653520361E28B6FF00BFA2C9 /* DTChartController.m in Sources */,
				65C027F11E15F1B1001EB1C7 /* DistributionViewController.m in Sources */,
				65683FC81E5ED255003D841B /* DTLine.m in Sources */,
				65AF01491E665BEA0037863E /* DTDimensionHorizontalBarChartController.m in Sources */,
				653345421E30D09500F6CE48 /* NSNumber+DTExternal.m in Sources */,
				65751E0A1E4583A70029C1B3 /* FillPresentationVC.m in Sources */,
				65F598721E31A11500B1DA79 /* DTDistributionChartController.m in Sources */,
				65AF01511E669E6B0037863E /* MultiMeasureDimensionPresentationViewController.m in Sources */,
				65683FCC1E5ED255003D841B /* DTTableChart.m in Sources */,
				65683FBD1E5ED255003D841B /* DTBarChart.m in Sources */,
				65683FCB1E5ED255003D841B /* DTPiePart.m in Sources */,
				658F7FBD1E10F81F0024AB62 /* PieViewController.m in Sources */,
				654D1E671E0267BB004F2F1F /* UIBezierPath+DTExternal.m in Sources */,
				654284E11E24B29C00267603 /* DTDataManager.m in Sources */,
				65B3F6A51E6D111D00A4F8F4 /* DTTableLabel.m in Sources */,
				65E19EDE1E6521D10060059B /* DTTableChartSingleData.m in Sources */,
				65683FC31E5ED255003D841B /* DTColorManager.m in Sources */,
				65F598751E31BE5400B1DA79 /* DistributionPresentationVC.m in Sources */,
				652E82201E697429006C28E0 /* DTDimensionSectionLine.m in Sources */,
				658F7FBC1E10F81F0024AB62 /* LineViewController.m in Sources */,
				65B7BE481E25D1EA00DC152B /* CollectionViewController.m in Sources */,
				65CC6DFB1E0D0AC300E2C36B /* UIColor+DTExternal.m in Sources */,
				65E347071E2F189800BE9A1F /* DTHorizontalBarChartController.m in Sources */,
				658F7FBE1E10F81F0024AB62 /* BarViewController.m in Sources */,
				654284EB1E24EBBB00267603 /* LineCtrlViewController.m in Sources */,
				65E19EDF1E6521D10060059B /* DTTableChartTitleOrderModel.m in Sources */,
				653520321E28B6E100BFA2C9 /* DTVerticalBarChartController.m in Sources */,
				65E19ED81E6521D10060059B /* DTDimensionModel.m in Sources */,
				65AF01541E66B4010037863E /* DTMeasureDimensionHorizontalBarChart.m in Sources */,
				65B7BE4D1E25D96E00DC152B /* GridCell.m in Sources */,
				65683FC71E5ED255003D841B /* DTFillLayer.m in Sources */,
				65683FC21E5ED255003D841B /* DTChartLabel.m in Sources */,
				65683FC61E5ED255003D841B /* DTFillChart.m in Sources */,
				65E19ED71E6521D10060059B /* DTDimensionBarModel.m in Sources */,
				657C87D71E287ED700BBD558 /* PresentationViewController.m in Sources */,
				65E3470D1E2F761D00BE9A1F /* DTPieChartController.m in Sources */,
				65683FC51E5ED255003D841B /* DTDistributionChart.m in Sources */,
				65683FBE1E5ED255003D841B /* DTHeapBar.m in Sources */,
				65E19EE21E6545950060059B /* DTDimensionHorizontalBarChart.m in Sources */,
				65BDBB951E2C59C300EB85F4 /* DTAxisFormatter.m in Sources */,
				65683FC91E5ED255003D841B /* DTLineChart.m in Sources */,
				65C53E1D1DF8FA7300732385 /* AppDelegate.m in Sources */,
				65E19EDC1E6521D10060059B /* DTLineChartSingleData.m in Sources */,
				653520391E28B7F300BFA2C9 /* BarGridCell.m in Sources */,
				65B7BE501E25FB6C00DC152B /* LineGridCell.m in Sources */,
				65BDBB9B1E2CDDD000EB85F4 /* VBarPresentationVC.m in Sources */,
				65C53E1A1DF8FA7300732385 /* main.m in Sources */,
				65683FCD1E5ED255003D841B /* DTTableChartCell.m in Sources */,
				65683FC01E5ED255003D841B /* DTVerticalBarChart.m in Sources */,
				65C2919C1E67AD8B00867366 /* DTMeasureDimensionHorizontalBarChartController.m in Sources */,
				65E19ED91E6521D10060059B /* DTDimensionReturnModel.m in Sources */,
				6533453F1E30574700F6CE48 /* PiePresentationVC.m in Sources */,
				65BDBB981E2CD38C00EB85F4 /* DTTableChartController.m in Sources */,
				65683FCA1E5ED255003D841B /* DTPieChart.m in Sources */,
				65E19EDB1E6521D10060059B /* DTCommonData.m in Sources */,
				654284E51E24B71E00267603 /* DTLineChartController.m in Sources */,
				65EEFC631E5FE11F00ED5F84 /* DTDimensionVerticalBarChart.m in Sources */,
				65EEFC661E60059700ED5F84 /* DimensionPresentationVC.m in Sources */,
				652E821D1E696C5E006C28E0 /* DTDimensionBar.m in Sources */,
				65E19EDA1E6521D10060059B /* DTChartData.m in Sources */,
				65683FBF1E5ED255003D841B /* DTHorizontalBarChart.m in Sources */,
				65AF01461E665BBC0037863E /* DTDimensionVerticalBarChartController.m in Sources */,
				65751E111E4584930029C1B3 /* DTFillChartController.m in Sources */,
				65B4CB831E2E003500EFDA28 /* DTChartBlockModel.m in Sources */,
				65683FBC1E5ED255003D841B /* DTBar.m in Sources */,
				65920D121E1CE947006EA012 /* TableChartViewController.m in Sources */,
				65B3F6A21E6D007100A4F8F4 /* DTChartScrollView.m in Sources */,
				65683FC41E5ED255003D841B /* DTDistributionBar.m in Sources */,
				65683FC11E5ED255003D841B /* DTChartBaseComponent.m in Sources */,
			);
			runOnlyForDeploymentPostprocessing = 0;
		};
/* End PBXSourcesBuildPhase section */

/* Begin PBXVariantGroup section */
		65C53E211DF8FA7300732385 /* Main.storyboard */ = {
			isa = PBXVariantGroup;
			children = (
				65C53E221DF8FA7300732385 /* Base */,
			);
			name = Main.storyboard;
			sourceTree = "<group>";
		};
		65C53E261DF8FA7300732385 /* LaunchScreen.storyboard */ = {
			isa = PBXVariantGroup;
			children = (
				65C53E271DF8FA7300732385 /* Base */,
			);
			name = LaunchScreen.storyboard;
			sourceTree = "<group>";
		};
/* End PBXVariantGroup section */

/* Begin XCBuildConfiguration section */
		65C53E2A1DF8FA7300732385 /* Debug */ = {
			isa = XCBuildConfiguration;
			buildSettings = {
				ALWAYS_SEARCH_USER_PATHS = NO;
				CLANG_ANALYZER_NONNULL = YES;
				CLANG_CXX_LANGUAGE_STANDARD = "gnu++0x";
				CLANG_CXX_LIBRARY = "libc++";
				CLANG_ENABLE_MODULES = YES;
				CLANG_ENABLE_OBJC_ARC = YES;
				CLANG_WARN_BOOL_CONVERSION = YES;
				CLANG_WARN_CONSTANT_CONVERSION = YES;
				CLANG_WARN_DIRECT_OBJC_ISA_USAGE = YES_ERROR;
				CLANG_WARN_DOCUMENTATION_COMMENTS = YES;
				CLANG_WARN_EMPTY_BODY = YES;
				CLANG_WARN_ENUM_CONVERSION = YES;
				CLANG_WARN_INFINITE_RECURSION = YES;
				CLANG_WARN_INT_CONVERSION = YES;
				CLANG_WARN_OBJC_ROOT_CLASS = YES_ERROR;
				CLANG_WARN_SUSPICIOUS_MOVE = YES;
				CLANG_WARN_SUSPICIOUS_MOVES = YES;
				CLANG_WARN_UNREACHABLE_CODE = YES;
				CLANG_WARN__DUPLICATE_METHOD_MATCH = YES;
				"CODE_SIGN_IDENTITY[sdk=iphoneos*]" = "iPhone Developer";
				COPY_PHASE_STRIP = NO;
				DEBUG_INFORMATION_FORMAT = dwarf;
				ENABLE_STRICT_OBJC_MSGSEND = YES;
				ENABLE_TESTABILITY = YES;
				GCC_C_LANGUAGE_STANDARD = gnu99;
				GCC_DYNAMIC_NO_PIC = NO;
				GCC_NO_COMMON_BLOCKS = YES;
				GCC_OPTIMIZATION_LEVEL = 0;
				GCC_PREPROCESSOR_DEFINITIONS = (
					"DEBUG=1",
					"$(inherited)",
				);
				GCC_WARN_64_TO_32_BIT_CONVERSION = YES;
				GCC_WARN_ABOUT_RETURN_TYPE = YES_ERROR;
				GCC_WARN_UNDECLARED_SELECTOR = YES;
				GCC_WARN_UNINITIALIZED_AUTOS = YES_AGGRESSIVE;
				GCC_WARN_UNUSED_FUNCTION = YES;
				GCC_WARN_UNUSED_VARIABLE = YES;
				IPHONEOS_DEPLOYMENT_TARGET = 10.1;
				MTL_ENABLE_DEBUG_INFO = YES;
				ONLY_ACTIVE_ARCH = YES;
				SDKROOT = iphoneos;
				TARGETED_DEVICE_FAMILY = "1,2";
			};
			name = Debug;
		};
		65C53E2B1DF8FA7300732385 /* Release */ = {
			isa = XCBuildConfiguration;
			buildSettings = {
				ALWAYS_SEARCH_USER_PATHS = NO;
				CLANG_ANALYZER_NONNULL = YES;
				CLANG_CXX_LANGUAGE_STANDARD = "gnu++0x";
				CLANG_CXX_LIBRARY = "libc++";
				CLANG_ENABLE_MODULES = YES;
				CLANG_ENABLE_OBJC_ARC = YES;
				CLANG_WARN_BOOL_CONVERSION = YES;
				CLANG_WARN_CONSTANT_CONVERSION = YES;
				CLANG_WARN_DIRECT_OBJC_ISA_USAGE = YES_ERROR;
				CLANG_WARN_DOCUMENTATION_COMMENTS = YES;
				CLANG_WARN_EMPTY_BODY = YES;
				CLANG_WARN_ENUM_CONVERSION = YES;
				CLANG_WARN_INFINITE_RECURSION = YES;
				CLANG_WARN_INT_CONVERSION = YES;
				CLANG_WARN_OBJC_ROOT_CLASS = YES_ERROR;
				CLANG_WARN_SUSPICIOUS_MOVE = YES;
				CLANG_WARN_SUSPICIOUS_MOVES = YES;
				CLANG_WARN_UNREACHABLE_CODE = YES;
				CLANG_WARN__DUPLICATE_METHOD_MATCH = YES;
				"CODE_SIGN_IDENTITY[sdk=iphoneos*]" = "iPhone Developer";
				COPY_PHASE_STRIP = NO;
				DEBUG_INFORMATION_FORMAT = "dwarf-with-dsym";
				ENABLE_NS_ASSERTIONS = NO;
				ENABLE_STRICT_OBJC_MSGSEND = YES;
				GCC_C_LANGUAGE_STANDARD = gnu99;
				GCC_NO_COMMON_BLOCKS = YES;
				GCC_WARN_64_TO_32_BIT_CONVERSION = YES;
				GCC_WARN_ABOUT_RETURN_TYPE = YES_ERROR;
				GCC_WARN_UNDECLARED_SELECTOR = YES;
				GCC_WARN_UNINITIALIZED_AUTOS = YES_AGGRESSIVE;
				GCC_WARN_UNUSED_FUNCTION = YES;
				GCC_WARN_UNUSED_VARIABLE = YES;
				IPHONEOS_DEPLOYMENT_TARGET = 10.1;
				MTL_ENABLE_DEBUG_INFO = NO;
				SDKROOT = iphoneos;
				TARGETED_DEVICE_FAMILY = "1,2";
				VALIDATE_PRODUCT = YES;
			};
			name = Release;
		};
		65C53E2D1DF8FA7300732385 /* Debug */ = {
			isa = XCBuildConfiguration;
			buildSettings = {
				ASSETCATALOG_COMPILER_APPICON_NAME = AppIcon;
				DEVELOPMENT_TEAM = 63E5UW9WDT;
				GCC_PREFIX_HEADER = "DTChart/DTChart-Prefix.pch";
				INFOPLIST_FILE = DTiseChart/Info.plist;
				IPHONEOS_DEPLOYMENT_TARGET = 8.0;
				LD_RUNPATH_SEARCH_PATHS = "$(inherited) @executable_path/Frameworks";
				PRODUCT_BUNDLE_IDENTIFIER = studio.joshin.DTiseChart;
				PRODUCT_NAME = "$(TARGET_NAME)";
				TARGETED_DEVICE_FAMILY = "1,2";
			};
			name = Debug;
		};
		65C53E2E1DF8FA7300732385 /* Release */ = {
			isa = XCBuildConfiguration;
			buildSettings = {
				ASSETCATALOG_COMPILER_APPICON_NAME = AppIcon;
				DEVELOPMENT_TEAM = 63E5UW9WDT;
				GCC_PREFIX_HEADER = "DTChart/DTChart-Prefix.pch";
				INFOPLIST_FILE = DTiseChart/Info.plist;
				IPHONEOS_DEPLOYMENT_TARGET = 8.0;
				LD_RUNPATH_SEARCH_PATHS = "$(inherited) @executable_path/Frameworks";
				PRODUCT_BUNDLE_IDENTIFIER = studio.joshin.DTiseChart;
				PRODUCT_NAME = "$(TARGET_NAME)";
				TARGETED_DEVICE_FAMILY = "1,2";
			};
			name = Release;
		};
/* End XCBuildConfiguration section */

/* Begin XCConfigurationList section */
		65C53E101DF8FA7300732385 /* Build configuration list for PBXProject "DTiseChart" */ = {
			isa = XCConfigurationList;
			buildConfigurations = (
				65C53E2A1DF8FA7300732385 /* Debug */,
				65C53E2B1DF8FA7300732385 /* Release */,
			);
			defaultConfigurationIsVisible = 0;
			defaultConfigurationName = Release;
		};
		65C53E2C1DF8FA7300732385 /* Build configuration list for PBXNativeTarget "DTiseChart" */ = {
			isa = XCConfigurationList;
			buildConfigurations = (
				65C53E2D1DF8FA7300732385 /* Debug */,
				65C53E2E1DF8FA7300732385 /* Release */,
			);
			defaultConfigurationIsVisible = 0;
			defaultConfigurationName = Release;
		};
/* End XCConfigurationList section */
	};
	rootObject = 65C53E0D1DF8FA7300732385 /* Project object */;
}
