// !$*UTF8*$!
{
	archiveVersion = 1;
	classes = {
	};
	objectVersion = 46;
	objects = {

/* Begin PBXBuildFile section */
		654D1E631E0123A7004F2F1F /* DTLine.m in Sources */ = {isa = PBXBuildFile; fileRef = 654D1E621E0123A7004F2F1F /* DTLine.m */; };
		654D1E671E0267BB004F2F1F /* UIBezierPath+DTExternal.m in Sources */ = {isa = PBXBuildFile; fileRef = 654D1E661E0267BA004F2F1F /* UIBezierPath+DTExternal.m */; };
		6575AFC61DFFFEBB00F06DDC /* LineViewController.m in Sources */ = {isa = PBXBuildFile; fileRef = 6575AFC51DFFFEBB00F06DDC /* LineViewController.m */; };
		65C53E1A1DF8FA7300732385 /* main.m in Sources */ = {isa = PBXBuildFile; fileRef = 65C53E191DF8FA7300732385 /* main.m */; };
		65C53E1D1DF8FA7300732385 /* AppDelegate.m in Sources */ = {isa = PBXBuildFile; fileRef = 65C53E1C1DF8FA7300732385 /* AppDelegate.m */; };
		65C53E201DF8FA7300732385 /* ViewController.m in Sources */ = {isa = PBXBuildFile; fileRef = 65C53E1F1DF8FA7300732385 /* ViewController.m */; };
		65C53E231DF8FA7300732385 /* Main.storyboard in Resources */ = {isa = PBXBuildFile; fileRef = 65C53E211DF8FA7300732385 /* Main.storyboard */; };
		65C53E251DF8FA7300732385 /* Assets.xcassets in Resources */ = {isa = PBXBuildFile; fileRef = 65C53E241DF8FA7300732385 /* Assets.xcassets */; };
		65C53E281DF8FA7300732385 /* LaunchScreen.storyboard in Resources */ = {isa = PBXBuildFile; fileRef = 65C53E261DF8FA7300732385 /* LaunchScreen.storyboard */; };
		65CC6DF21E0A640E00E2C36B /* DTHeapBar.m in Sources */ = {isa = PBXBuildFile; fileRef = 65CC6DF11E0A640E00E2C36B /* DTHeapBar.m */; };
		65CC6DF81E0CFAE700E2C36B /* DTColorManager.m in Sources */ = {isa = PBXBuildFile; fileRef = 65CC6DF71E0CFAE700E2C36B /* DTColorManager.m */; };
		65CC6DFB1E0D0AC300E2C36B /* UIColor+DTExternal.m in Sources */ = {isa = PBXBuildFile; fileRef = 65CC6DFA1E0D0AC300E2C36B /* UIColor+DTExternal.m */; };
		65CD0F341DFEA42A007AFD8D /* DTBar.m in Sources */ = {isa = PBXBuildFile; fileRef = 65CD0F221DFEA42A007AFD8D /* DTBar.m */; };
		65CD0F351DFEA42A007AFD8D /* DTBarChart.m in Sources */ = {isa = PBXBuildFile; fileRef = 65CD0F241DFEA42A007AFD8D /* DTBarChart.m */; };
		65CD0F361DFEA42A007AFD8D /* DTHorizontalBarChart.m in Sources */ = {isa = PBXBuildFile; fileRef = 65CD0F261DFEA42A007AFD8D /* DTHorizontalBarChart.m */; };
		65CD0F371DFEA42A007AFD8D /* DTVerticalBarChart.m in Sources */ = {isa = PBXBuildFile; fileRef = 65CD0F281DFEA42A007AFD8D /* DTVerticalBarChart.m */; };
		65CD0F381DFEA42A007AFD8D /* DTChartBaseComponent.m in Sources */ = {isa = PBXBuildFile; fileRef = 65CD0F2B1DFEA42A007AFD8D /* DTChartBaseComponent.m */; };
		65CD0F391DFEA42A007AFD8D /* DTChartLabel.m in Sources */ = {isa = PBXBuildFile; fileRef = 65CD0F2D1DFEA42A007AFD8D /* DTChartLabel.m */; };
		65CD0F3A1DFEA42A007AFD8D /* DTLineChart.m in Sources */ = {isa = PBXBuildFile; fileRef = 65CD0F301DFEA42A007AFD8D /* DTLineChart.m */; };
		65CD0F3B1DFEA42A007AFD8D /* DTChartData.m in Sources */ = {isa = PBXBuildFile; fileRef = 65CD0F331DFEA42A007AFD8D /* DTChartData.m */; };
/* End PBXBuildFile section */

/* Begin PBXFileReference section */
		654D1E611E0123A7004F2F1F /* DTLine.h */ = {isa = PBXFileReference; fileEncoding = 4; lastKnownFileType = sourcecode.c.h; path = DTLine.h; sourceTree = "<group>"; };
		654D1E621E0123A7004F2F1F /* DTLine.m */ = {isa = PBXFileReference; fileEncoding = 4; lastKnownFileType = sourcecode.c.objc; path = DTLine.m; sourceTree = "<group>"; };
		654D1E651E0267BA004F2F1F /* UIBezierPath+DTExternal.h */ = {isa = PBXFileReference; fileEncoding = 4; lastKnownFileType = sourcecode.c.h; path = "UIBezierPath+DTExternal.h"; sourceTree = "<group>"; };
		654D1E661E0267BA004F2F1F /* UIBezierPath+DTExternal.m */ = {isa = PBXFileReference; fileEncoding = 4; lastKnownFileType = sourcecode.c.objc; path = "UIBezierPath+DTExternal.m"; sourceTree = "<group>"; };
		654D1E6C1E02A57F004F2F1F /* DTChart-Prefix.pch */ = {isa = PBXFileReference; fileEncoding = 4; lastKnownFileType = sourcecode.c.h; path = "DTChart-Prefix.pch"; sourceTree = "<group>"; };
		654D1E6D1E02ABD9004F2F1F /* DTColor.h */ = {isa = PBXFileReference; lastKnownFileType = sourcecode.c.h; path = DTColor.h; sourceTree = "<group>"; };
		6575AFC41DFFFEBB00F06DDC /* LineViewController.h */ = {isa = PBXFileReference; fileEncoding = 4; lastKnownFileType = sourcecode.c.h; path = LineViewController.h; sourceTree = "<group>"; };
		6575AFC51DFFFEBB00F06DDC /* LineViewController.m */ = {isa = PBXFileReference; fileEncoding = 4; lastKnownFileType = sourcecode.c.objc; path = LineViewController.m; sourceTree = "<group>"; };
		65C53E151DF8FA7300732385 /* DTiseChart.app */ = {isa = PBXFileReference; explicitFileType = wrapper.application; includeInIndex = 0; path = DTiseChart.app; sourceTree = BUILT_PRODUCTS_DIR; };
		65C53E191DF8FA7300732385 /* main.m */ = {isa = PBXFileReference; lastKnownFileType = sourcecode.c.objc; path = main.m; sourceTree = "<group>"; };
		65C53E1B1DF8FA7300732385 /* AppDelegate.h */ = {isa = PBXFileReference; lastKnownFileType = sourcecode.c.h; path = AppDelegate.h; sourceTree = "<group>"; };
		65C53E1C1DF8FA7300732385 /* AppDelegate.m */ = {isa = PBXFileReference; lastKnownFileType = sourcecode.c.objc; path = AppDelegate.m; sourceTree = "<group>"; };
		65C53E1E1DF8FA7300732385 /* ViewController.h */ = {isa = PBXFileReference; lastKnownFileType = sourcecode.c.h; path = ViewController.h; sourceTree = "<group>"; };
		65C53E1F1DF8FA7300732385 /* ViewController.m */ = {isa = PBXFileReference; lastKnownFileType = sourcecode.c.objc; path = ViewController.m; sourceTree = "<group>"; };
		65C53E221DF8FA7300732385 /* Base */ = {isa = PBXFileReference; lastKnownFileType = file.storyboard; name = Base; path = Base.lproj/Main.storyboard; sourceTree = "<group>"; };
		65C53E241DF8FA7300732385 /* Assets.xcassets */ = {isa = PBXFileReference; lastKnownFileType = folder.assetcatalog; path = Assets.xcassets; sourceTree = "<group>"; };
		65C53E271DF8FA7300732385 /* Base */ = {isa = PBXFileReference; lastKnownFileType = file.storyboard; name = Base; path = Base.lproj/LaunchScreen.storyboard; sourceTree = "<group>"; };
		65C53E291DF8FA7300732385 /* Info.plist */ = {isa = PBXFileReference; lastKnownFileType = text.plist.xml; path = Info.plist; sourceTree = "<group>"; };
		65CC6DF01E0A640E00E2C36B /* DTHeapBar.h */ = {isa = PBXFileReference; fileEncoding = 4; lastKnownFileType = sourcecode.c.h; path = DTHeapBar.h; sourceTree = "<group>"; };
		65CC6DF11E0A640E00E2C36B /* DTHeapBar.m */ = {isa = PBXFileReference; fileEncoding = 4; lastKnownFileType = sourcecode.c.objc; path = DTHeapBar.m; sourceTree = "<group>"; };
		65CC6DF61E0CFAE700E2C36B /* DTColorManager.h */ = {isa = PBXFileReference; fileEncoding = 4; lastKnownFileType = sourcecode.c.h; path = DTColorManager.h; sourceTree = "<group>"; };
		65CC6DF71E0CFAE700E2C36B /* DTColorManager.m */ = {isa = PBXFileReference; fileEncoding = 4; lastKnownFileType = sourcecode.c.objc; path = DTColorManager.m; sourceTree = "<group>"; };
		65CC6DF91E0D0AC300E2C36B /* UIColor+DTExternal.h */ = {isa = PBXFileReference; fileEncoding = 4; lastKnownFileType = sourcecode.c.h; path = "UIColor+DTExternal.h"; sourceTree = "<group>"; };
		65CC6DFA1E0D0AC300E2C36B /* UIColor+DTExternal.m */ = {isa = PBXFileReference; fileEncoding = 4; lastKnownFileType = sourcecode.c.objc; path = "UIColor+DTExternal.m"; sourceTree = "<group>"; };
		65CD0F211DFEA42A007AFD8D /* DTBar.h */ = {isa = PBXFileReference; fileEncoding = 4; lastKnownFileType = sourcecode.c.h; path = DTBar.h; sourceTree = "<group>"; };
		65CD0F221DFEA42A007AFD8D /* DTBar.m */ = {isa = PBXFileReference; fileEncoding = 4; lastKnownFileType = sourcecode.c.objc; path = DTBar.m; sourceTree = "<group>"; };
		65CD0F231DFEA42A007AFD8D /* DTBarChart.h */ = {isa = PBXFileReference; fileEncoding = 4; lastKnownFileType = sourcecode.c.h; path = DTBarChart.h; sourceTree = "<group>"; };
		65CD0F241DFEA42A007AFD8D /* DTBarChart.m */ = {isa = PBXFileReference; fileEncoding = 4; lastKnownFileType = sourcecode.c.objc; path = DTBarChart.m; sourceTree = "<group>"; };
		65CD0F251DFEA42A007AFD8D /* DTHorizontalBarChart.h */ = {isa = PBXFileReference; fileEncoding = 4; lastKnownFileType = sourcecode.c.h; path = DTHorizontalBarChart.h; sourceTree = "<group>"; };
		65CD0F261DFEA42A007AFD8D /* DTHorizontalBarChart.m */ = {isa = PBXFileReference; fileEncoding = 4; lastKnownFileType = sourcecode.c.objc; path = DTHorizontalBarChart.m; sourceTree = "<group>"; };
		65CD0F271DFEA42A007AFD8D /* DTVerticalBarChart.h */ = {isa = PBXFileReference; fileEncoding = 4; lastKnownFileType = sourcecode.c.h; path = DTVerticalBarChart.h; sourceTree = "<group>"; };
		65CD0F281DFEA42A007AFD8D /* DTVerticalBarChart.m */ = {isa = PBXFileReference; fileEncoding = 4; lastKnownFileType = sourcecode.c.objc; path = DTVerticalBarChart.m; sourceTree = "<group>"; };
		65CD0F2A1DFEA42A007AFD8D /* DTChartBaseComponent.h */ = {isa = PBXFileReference; fileEncoding = 4; lastKnownFileType = sourcecode.c.h; path = DTChartBaseComponent.h; sourceTree = "<group>"; };
		65CD0F2B1DFEA42A007AFD8D /* DTChartBaseComponent.m */ = {isa = PBXFileReference; fileEncoding = 4; lastKnownFileType = sourcecode.c.objc; path = DTChartBaseComponent.m; sourceTree = "<group>"; };
		65CD0F2C1DFEA42A007AFD8D /* DTChartLabel.h */ = {isa = PBXFileReference; fileEncoding = 4; lastKnownFileType = sourcecode.c.h; path = DTChartLabel.h; sourceTree = "<group>"; };
		65CD0F2D1DFEA42A007AFD8D /* DTChartLabel.m */ = {isa = PBXFileReference; fileEncoding = 4; lastKnownFileType = sourcecode.c.objc; path = DTChartLabel.m; sourceTree = "<group>"; };
		65CD0F2F1DFEA42A007AFD8D /* DTLineChart.h */ = {isa = PBXFileReference; fileEncoding = 4; lastKnownFileType = sourcecode.c.h; path = DTLineChart.h; sourceTree = "<group>"; };
		65CD0F301DFEA42A007AFD8D /* DTLineChart.m */ = {isa = PBXFileReference; fileEncoding = 4; lastKnownFileType = sourcecode.c.objc; path = DTLineChart.m; sourceTree = "<group>"; };
		65CD0F321DFEA42A007AFD8D /* DTChartData.h */ = {isa = PBXFileReference; fileEncoding = 4; lastKnownFileType = sourcecode.c.h; path = DTChartData.h; sourceTree = "<group>"; };
		65CD0F331DFEA42A007AFD8D /* DTChartData.m */ = {isa = PBXFileReference; fileEncoding = 4; lastKnownFileType = sourcecode.c.objc; path = DTChartData.m; sourceTree = "<group>"; };
/* End PBXFileReference section */

/* Begin PBXFrameworksBuildPhase section */
		65C53E121DF8FA7300732385 /* Frameworks */ = {
			isa = PBXFrameworksBuildPhase;
			buildActionMask = 2147483647;
			files = (
			);
			runOnlyForDeploymentPostprocessing = 0;
		};
/* End PBXFrameworksBuildPhase section */

/* Begin PBXGroup section */
		654D1E641E0267A7004F2F1F /* Category */ = {
			isa = PBXGroup;
			children = (
				654D1E651E0267BA004F2F1F /* UIBezierPath+DTExternal.h */,
				654D1E661E0267BA004F2F1F /* UIBezierPath+DTExternal.m */,
				65CC6DF91E0D0AC300E2C36B /* UIColor+DTExternal.h */,
				65CC6DFA1E0D0AC300E2C36B /* UIColor+DTExternal.m */,
			);
			path = Category;
			sourceTree = "<group>";
		};
		65C53E0C1DF8FA7300732385 = {
			isa = PBXGroup;
			children = (
				65CD0F1F1DFEA42A007AFD8D /* DTChart */,
				65C53E171DF8FA7300732385 /* DTiseChart */,
				65C53E161DF8FA7300732385 /* Products */,
			);
			sourceTree = "<group>";
		};
		65C53E161DF8FA7300732385 /* Products */ = {
			isa = PBXGroup;
			children = (
				65C53E151DF8FA7300732385 /* DTiseChart.app */,
			);
			name = Products;
			sourceTree = "<group>";
		};
		65C53E171DF8FA7300732385 /* DTiseChart */ = {
			isa = PBXGroup;
			children = (
				65C53E1B1DF8FA7300732385 /* AppDelegate.h */,
				65C53E1C1DF8FA7300732385 /* AppDelegate.m */,
				65C53E1E1DF8FA7300732385 /* ViewController.h */,
				65C53E1F1DF8FA7300732385 /* ViewController.m */,
				65C53E211DF8FA7300732385 /* Main.storyboard */,
				65C53E241DF8FA7300732385 /* Assets.xcassets */,
				65C53E261DF8FA7300732385 /* LaunchScreen.storyboard */,
				65C53E291DF8FA7300732385 /* Info.plist */,
				65C53E181DF8FA7300732385 /* Supporting Files */,
				6575AFC41DFFFEBB00F06DDC /* LineViewController.h */,
				6575AFC51DFFFEBB00F06DDC /* LineViewController.m */,
			);
			path = DTiseChart;
			sourceTree = "<group>";
		};
		65C53E181DF8FA7300732385 /* Supporting Files */ = {
			isa = PBXGroup;
			children = (
				65C53E191DF8FA7300732385 /* main.m */,
			);
			name = "Supporting Files";
			sourceTree = "<group>";
		};
		65CD0F1F1DFEA42A007AFD8D /* DTChart */ = {
			isa = PBXGroup;
			children = (
				654D1E6C1E02A57F004F2F1F /* DTChart-Prefix.pch */,
				654D1E641E0267A7004F2F1F /* Category */,
				65CD0F201DFEA42A007AFD8D /* Bar */,
				65CD0F291DFEA42A007AFD8D /* Base */,
				65CD0F2E1DFEA42A007AFD8D /* Line */,
				65CD0F311DFEA42A007AFD8D /* Model */,
			);
			path = DTChart;
			sourceTree = "<group>";
		};
		65CD0F201DFEA42A007AFD8D /* Bar */ = {
			isa = PBXGroup;
			children = (
				65CD0F211DFEA42A007AFD8D /* DTBar.h */,
				65CD0F221DFEA42A007AFD8D /* DTBar.m */,
				65CC6DF01E0A640E00E2C36B /* DTHeapBar.h */,
				65CC6DF11E0A640E00E2C36B /* DTHeapBar.m */,
				65CD0F231DFEA42A007AFD8D /* DTBarChart.h */,
				65CD0F241DFEA42A007AFD8D /* DTBarChart.m */,
				65CD0F251DFEA42A007AFD8D /* DTHorizontalBarChart.h */,
				65CD0F261DFEA42A007AFD8D /* DTHorizontalBarChart.m */,
				65CD0F271DFEA42A007AFD8D /* DTVerticalBarChart.h */,
				65CD0F281DFEA42A007AFD8D /* DTVerticalBarChart.m */,
			);
			path = Bar;
			sourceTree = "<group>";
		};
		65CD0F291DFEA42A007AFD8D /* Base */ = {
			isa = PBXGroup;
			children = (
				65CD0F2A1DFEA42A007AFD8D /* DTChartBaseComponent.h */,
				65CD0F2B1DFEA42A007AFD8D /* DTChartBaseComponent.m */,
				65CD0F2C1DFEA42A007AFD8D /* DTChartLabel.h */,
				65CD0F2D1DFEA42A007AFD8D /* DTChartLabel.m */,
				654D1E6D1E02ABD9004F2F1F /* DTColor.h */,
				65CC6DF61E0CFAE700E2C36B /* DTColorManager.h */,
				65CC6DF71E0CFAE700E2C36B /* DTColorManager.m */,
			);
			path = Base;
			sourceTree = "<group>";
		};
		65CD0F2E1DFEA42A007AFD8D /* Line */ = {
			isa = PBXGroup;
			children = (
				65CD0F2F1DFEA42A007AFD8D /* DTLineChart.h */,
				65CD0F301DFEA42A007AFD8D /* DTLineChart.m */,
				654D1E611E0123A7004F2F1F /* DTLine.h */,
				654D1E621E0123A7004F2F1F /* DTLine.m */,
			);
			path = Line;
			sourceTree = "<group>";
		};
		65CD0F311DFEA42A007AFD8D /* Model */ = {
			isa = PBXGroup;
			children = (
				65CD0F321DFEA42A007AFD8D /* DTChartData.h */,
				65CD0F331DFEA42A007AFD8D /* DTChartData.m */,
			);
			path = Model;
			sourceTree = "<group>";
		};
/* End PBXGroup section */

/* Begin PBXNativeTarget section */
		65C53E141DF8FA7300732385 /* DTiseChart */ = {
			isa = PBXNativeTarget;
			buildConfigurationList = 65C53E2C1DF8FA7300732385 /* Build configuration list for PBXNativeTarget "DTiseChart" */;
			buildPhases = (
				65C53E111DF8FA7300732385 /* Sources */,
				65C53E121DF8FA7300732385 /* Frameworks */,
				65C53E131DF8FA7300732385 /* Resources */,
			);
			buildRules = (
			);
			dependencies = (
			);
			name = DTiseChart;
			productName = DTiseChart;
			productReference = 65C53E151DF8FA7300732385 /* DTiseChart.app */;
			productType = "com.apple.product-type.application";
		};
/* End PBXNativeTarget section */

/* Begin PBXProject section */
		65C53E0D1DF8FA7300732385 /* Project object */ = {
			isa = PBXProject;
			attributes = {
				LastUpgradeCheck = 0810;
				ORGANIZATIONNAME = studio.joshin;
				TargetAttributes = {
					65C53E141DF8FA7300732385 = {
						CreatedOnToolsVersion = 8.1;
						DevelopmentTeam = 63E5UW9WDT;
						ProvisioningStyle = Automatic;
					};
				};
			};
			buildConfigurationList = 65C53E101DF8FA7300732385 /* Build configuration list for PBXProject "DTiseChart" */;
			compatibilityVersion = "Xcode 3.2";
			developmentRegion = English;
			hasScannedForEncodings = 0;
			knownRegions = (
				en,
				Base,
			);
			mainGroup = 65C53E0C1DF8FA7300732385;
			productRefGroup = 65C53E161DF8FA7300732385 /* Products */;
			projectDirPath = "";
			projectRoot = "";
			targets = (
				65C53E141DF8FA7300732385 /* DTiseChart */,
			);
		};
/* End PBXProject section */

/* Begin PBXResourcesBuildPhase section */
		65C53E131DF8FA7300732385 /* Resources */ = {
			isa = PBXResourcesBuildPhase;
			buildActionMask = 2147483647;
			files = (
				65C53E281DF8FA7300732385 /* LaunchScreen.storyboard in Resources */,
				65C53E251DF8FA7300732385 /* Assets.xcassets in Resources */,
				65C53E231DF8FA7300732385 /* Main.storyboard in Resources */,
			);
			runOnlyForDeploymentPostprocessing = 0;
		};
/* End PBXResourcesBuildPhase section */

/* Begin PBXSourcesBuildPhase section */
		65C53E111DF8FA7300732385 /* Sources */ = {
			isa = PBXSourcesBuildPhase;
			buildActionMask = 2147483647;
			files = (
				65CD0F361DFEA42A007AFD8D /* DTHorizontalBarChart.m in Sources */,
				65CD0F381DFEA42A007AFD8D /* DTChartBaseComponent.m in Sources */,
				654D1E671E0267BB004F2F1F /* UIBezierPath+DTExternal.m in Sources */,
				65CC6DF21E0A640E00E2C36B /* DTHeapBar.m in Sources */,
				6575AFC61DFFFEBB00F06DDC /* LineViewController.m in Sources */,
				65CC6DFB1E0D0AC300E2C36B /* UIColor+DTExternal.m in Sources */,
				65CD0F351DFEA42A007AFD8D /* DTBarChart.m in Sources */,
				65C53E201DF8FA7300732385 /* ViewController.m in Sources */,
				65CD0F3A1DFEA42A007AFD8D /* DTLineChart.m in Sources */,
				65CD0F371DFEA42A007AFD8D /* DTVerticalBarChart.m in Sources */,
				65CD0F3B1DFEA42A007AFD8D /* DTChartData.m in Sources */,
				65C53E1D1DF8FA7300732385 /* AppDelegate.m in Sources */,
				65C53E1A1DF8FA7300732385 /* main.m in Sources */,
				65CD0F391DFEA42A007AFD8D /* DTChartLabel.m in Sources */,
				65CC6DF81E0CFAE700E2C36B /* DTColorManager.m in Sources */,
				65CD0F341DFEA42A007AFD8D /* DTBar.m in Sources */,
				654D1E631E0123A7004F2F1F /* DTLine.m in Sources */,
			);
			runOnlyForDeploymentPostprocessing = 0;
		};
/* End PBXSourcesBuildPhase section */

/* Begin PBXVariantGroup section */
		65C53E211DF8FA7300732385 /* Main.storyboard */ = {
			isa = PBXVariantGroup;
			children = (
				65C53E221DF8FA7300732385 /* Base */,
			);
			name = Main.storyboard;
			sourceTree = "<group>";
		};
		65C53E261DF8FA7300732385 /* LaunchScreen.storyboard */ = {
			isa = PBXVariantGroup;
			children = (
				65C53E271DF8FA7300732385 /* Base */,
			);
			name = LaunchScreen.storyboard;
			sourceTree = "<group>";
		};
/* End PBXVariantGroup section */

/* Begin XCBuildConfiguration section */
		65C53E2A1DF8FA7300732385 /* Debug */ = {
			isa = XCBuildConfiguration;
			buildSettings = {
				ALWAYS_SEARCH_USER_PATHS = NO;
				CLANG_ANALYZER_NONNULL = YES;
				CLANG_CXX_LANGUAGE_STANDARD = "gnu++0x";
				CLANG_CXX_LIBRARY = "libc++";
				CLANG_ENABLE_MODULES = YES;
				CLANG_ENABLE_OBJC_ARC = YES;
				CLANG_WARN_BOOL_CONVERSION = YES;
				CLANG_WARN_CONSTANT_CONVERSION = YES;
				CLANG_WARN_DIRECT_OBJC_ISA_USAGE = YES_ERROR;
				CLANG_WARN_DOCUMENTATION_COMMENTS = YES;
				CLANG_WARN_EMPTY_BODY = YES;
				CLANG_WARN_ENUM_CONVERSION = YES;
				CLANG_WARN_INFINITE_RECURSION = YES;
				CLANG_WARN_INT_CONVERSION = YES;
				CLANG_WARN_OBJC_ROOT_CLASS = YES_ERROR;
				CLANG_WARN_SUSPICIOUS_MOVES = YES;
				CLANG_WARN_UNREACHABLE_CODE = YES;
				CLANG_WARN__DUPLICATE_METHOD_MATCH = YES;
				"CODE_SIGN_IDENTITY[sdk=iphoneos*]" = "iPhone Developer";
				COPY_PHASE_STRIP = NO;
				DEBUG_INFORMATION_FORMAT = dwarf;
				ENABLE_STRICT_OBJC_MSGSEND = YES;
				ENABLE_TESTABILITY = YES;
				GCC_C_LANGUAGE_STANDARD = gnu99;
				GCC_DYNAMIC_NO_PIC = NO;
				GCC_NO_COMMON_BLOCKS = YES;
				GCC_OPTIMIZATION_LEVEL = 0;
				GCC_PREPROCESSOR_DEFINITIONS = (
					"DEBUG=1",
					"$(inherited)",
				);
				GCC_WARN_64_TO_32_BIT_CONVERSION = YES;
				GCC_WARN_ABOUT_RETURN_TYPE = YES_ERROR;
				GCC_WARN_UNDECLARED_SELECTOR = YES;
				GCC_WARN_UNINITIALIZED_AUTOS = YES_AGGRESSIVE;
				GCC_WARN_UNUSED_FUNCTION = YES;
				GCC_WARN_UNUSED_VARIABLE = YES;
				IPHONEOS_DEPLOYMENT_TARGET = 10.1;
				MTL_ENABLE_DEBUG_INFO = YES;
				ONLY_ACTIVE_ARCH = YES;
				SDKROOT = iphoneos;
				TARGETED_DEVICE_FAMILY = "1,2";
			};
			name = Debug;
		};
		65C53E2B1DF8FA7300732385 /* Release */ = {
			isa = XCBuildConfiguration;
			buildSettings = {
				ALWAYS_SEARCH_USER_PATHS = NO;
				CLANG_ANALYZER_NONNULL = YES;
				CLANG_CXX_LANGUAGE_STANDARD = "gnu++0x";
				CLANG_CXX_LIBRARY = "libc++";
				CLANG_ENABLE_MODULES = YES;
				CLANG_ENABLE_OBJC_ARC = YES;
				CLANG_WARN_BOOL_CONVERSION = YES;
				CLANG_WARN_CONSTANT_CONVERSION = YES;
				CLANG_WARN_DIRECT_OBJC_ISA_USAGE = YES_ERROR;
				CLANG_WARN_DOCUMENTATION_COMMENTS = YES;
				CLANG_WARN_EMPTY_BODY = YES;
				CLANG_WARN_ENUM_CONVERSION = YES;
				CLANG_WARN_INFINITE_RECURSION = YES;
				CLANG_WARN_INT_CONVERSION = YES;
				CLANG_WARN_OBJC_ROOT_CLASS = YES_ERROR;
				CLANG_WARN_SUSPICIOUS_MOVES = YES;
				CLANG_WARN_UNREACHABLE_CODE = YES;
				CLANG_WARN__DUPLICATE_METHOD_MATCH = YES;
				"CODE_SIGN_IDENTITY[sdk=iphoneos*]" = "iPhone Developer";
				COPY_PHASE_STRIP = NO;
				DEBUG_INFORMATION_FORMAT = "dwarf-with-dsym";
				ENABLE_NS_ASSERTIONS = NO;
				ENABLE_STRICT_OBJC_MSGSEND = YES;
				GCC_C_LANGUAGE_STANDARD = gnu99;
				GCC_NO_COMMON_BLOCKS = YES;
				GCC_WARN_64_TO_32_BIT_CONVERSION = YES;
				GCC_WARN_ABOUT_RETURN_TYPE = YES_ERROR;
				GCC_WARN_UNDECLARED_SELECTOR = YES;
				GCC_WARN_UNINITIALIZED_AUTOS = YES_AGGRESSIVE;
				GCC_WARN_UNUSED_FUNCTION = YES;
				GCC_WARN_UNUSED_VARIABLE = YES;
				IPHONEOS_DEPLOYMENT_TARGET = 10.1;
				MTL_ENABLE_DEBUG_INFO = NO;
				SDKROOT = iphoneos;
				TARGETED_DEVICE_FAMILY = "1,2";
				VALIDATE_PRODUCT = YES;
			};
			name = Release;
		};
		65C53E2D1DF8FA7300732385 /* Debug */ = {
			isa = XCBuildConfiguration;
			buildSettings = {
				ASSETCATALOG_COMPILER_APPICON_NAME = AppIcon;
				DEVELOPMENT_TEAM = 63E5UW9WDT;
				GCC_PREFIX_HEADER = "DTChart/DTChart-Prefix.pch";
				INFOPLIST_FILE = DTiseChart/Info.plist;
				IPHONEOS_DEPLOYMENT_TARGET = 8.0;
				LD_RUNPATH_SEARCH_PATHS = "$(inherited) @executable_path/Frameworks";
				PRODUCT_BUNDLE_IDENTIFIER = studio.joshin.DTiseChart;
				PRODUCT_NAME = "$(TARGET_NAME)";
			};
			name = Debug;
		};
		65C53E2E1DF8FA7300732385 /* Release */ = {
			isa = XCBuildConfiguration;
			buildSettings = {
				ASSETCATALOG_COMPILER_APPICON_NAME = AppIcon;
				DEVELOPMENT_TEAM = 63E5UW9WDT;
				GCC_PREFIX_HEADER = "DTChart/DTChart-Prefix.pch";
				INFOPLIST_FILE = DTiseChart/Info.plist;
				IPHONEOS_DEPLOYMENT_TARGET = 8.0;
				LD_RUNPATH_SEARCH_PATHS = "$(inherited) @executable_path/Frameworks";
				PRODUCT_BUNDLE_IDENTIFIER = studio.joshin.DTiseChart;
				PRODUCT_NAME = "$(TARGET_NAME)";
			};
			name = Release;
		};
/* End XCBuildConfiguration section */

/* Begin XCConfigurationList section */
		65C53E101DF8FA7300732385 /* Build configuration list for PBXProject "DTiseChart" */ = {
			isa = XCConfigurationList;
			buildConfigurations = (
				65C53E2A1DF8FA7300732385 /* Debug */,
				65C53E2B1DF8FA7300732385 /* Release */,
			);
			defaultConfigurationIsVisible = 0;
			defaultConfigurationName = Release;
		};
		65C53E2C1DF8FA7300732385 /* Build configuration list for PBXNativeTarget "DTiseChart" */ = {
			isa = XCConfigurationList;
			buildConfigurations = (
				65C53E2D1DF8FA7300732385 /* Debug */,
				65C53E2E1DF8FA7300732385 /* Release */,
			);
			defaultConfigurationIsVisible = 0;
			defaultConfigurationName = Release;
		};
/* End XCConfigurationList section */
	};
	rootObject = 65C53E0D1DF8FA7300732385 /* Project object */;
}
